// !$*UTF8*$!
{
	archiveVersion = 1;
	classes = {
	};
	objectVersion = 46;
	objects = {

/* Begin PBXBuildFile section */
		0610B68B1E66F661003EC3FA /* MeasurementEvent.m in Sources */ = {isa = PBXBuildFile; fileRef = 0610B6761E66F661003EC3FA /* MeasurementEvent.m */; };
		0610B68D1E66F661003EC3FA /* BluetoothMeasurementProvider.m in Sources */ = {isa = PBXBuildFile; fileRef = 0610B67C1E66F661003EC3FA /* BluetoothMeasurementProvider.m */; };
		0610B68E1E66F661003EC3FA /* GPSMeasurementProvider.m in Sources */ = {isa = PBXBuildFile; fileRef = 0610B67F1E66F661003EC3FA /* GPSMeasurementProvider.m */; };
		0610B68F1E66F661003EC3FA /* MeasurementProvider.m in Sources */ = {isa = PBXBuildFile; fileRef = 0610B6811E66F661003EC3FA /* MeasurementProvider.m */; };
		0610B6901E66F661003EC3FA /* SensorMeasurementProvider.m in Sources */ = {isa = PBXBuildFile; fileRef = 0610B6841E66F661003EC3FA /* SensorMeasurementProvider.m */; };
		0610B6911E66F661003EC3FA /* IosMeasurementTransfer.mm in Sources */ = {isa = PBXBuildFile; fileRef = 0610B6871E66F661003EC3FA /* IosMeasurementTransfer.mm */; };
		0610B6921E66F661003EC3FA /* WIFIMeasurementProvider.m in Sources */ = {isa = PBXBuildFile; fileRef = 0610B68A1E66F661003EC3FA /* WIFIMeasurementProvider.m */; };
		063A7A361EB34A7D00ABA37F /* MeasurementProvider.h in Copy Files */ = {isa = PBXBuildFile; fileRef = 0610B6801E66F661003EC3FA /* MeasurementProvider.h */; };
		063A7A371EB34A9D00ABA37F /* ErrorTransfer.h in Copy Files */ = {isa = PBXBuildFile; fileRef = 06650E2B1E82D5F800E7D811 /* ErrorTransfer.h */; };
		06575F391F0E441200C63AE0 /* FilterImpl.cpp in Sources */ = {isa = PBXBuildFile; fileRef = 06575F211F0E441200C63AE0 /* FilterImpl.cpp */; };
		06575F3A1F0E441200C63AE0 /* StandardAccelNavigator.cpp in Sources */ = {isa = PBXBuildFile; fileRef = 06575F221F0E441200C63AE0 /* StandardAccelNavigator.cpp */; };
		06575F3B1F0E441200C63AE0 /* ToGlobal.cpp in Sources */ = {isa = PBXBuildFile; fileRef = 06575F231F0E441200C63AE0 /* ToGlobal.cpp */; };
		06575F3C1F0E441200C63AE0 /* TrajectoryDetection.cpp in Sources */ = {isa = PBXBuildFile; fileRef = 06575F241F0E441200C63AE0 /* TrajectoryDetection.cpp */; };
		06575F3D1F0E441200C63AE0 /* BeaconProcessor.cpp in Sources */ = {isa = PBXBuildFile; fileRef = 06575F261F0E441200C63AE0 /* BeaconProcessor.cpp */; };
		06575F3E1F0E441200C63AE0 /* algorithm.cpp in Sources */ = {isa = PBXBuildFile; fileRef = 06575F291F0E441200C63AE0 /* algorithm.cpp */; };
		06575F3F1F0E441200C63AE0 /* BeaconCalibrator.cpp in Sources */ = {isa = PBXBuildFile; fileRef = 06575F2A1F0E441200C63AE0 /* BeaconCalibrator.cpp */; };
		06575F401F0E441200C63AE0 /* StandardBeaconNavigator.cpp in Sources */ = {isa = PBXBuildFile; fileRef = 06575F2B1F0E441200C63AE0 /* StandardBeaconNavigator.cpp */; };
		06575F411F0E441200C63AE0 /* TrilatBeaconNavigator.cpp in Sources */ = {isa = PBXBuildFile; fileRef = 06575F2C1F0E441200C63AE0 /* TrilatBeaconNavigator.cpp */; };
		06575F421F0E441200C63AE0 /* Graph.cpp in Sources */ = {isa = PBXBuildFile; fileRef = 06575F2E1F0E441200C63AE0 /* Graph.cpp */; };
		06575F431F0E441200C63AE0 /* PointGraph.cpp in Sources */ = {isa = PBXBuildFile; fileRef = 06575F2F1F0E441200C63AE0 /* PointGraph.cpp */; };
		06575F441F0E441200C63AE0 /* AlphaBetaFilter.cpp in Sources */ = {isa = PBXBuildFile; fileRef = 06575F321F0E441200C63AE0 /* AlphaBetaFilter.cpp */; };
		06575F451F0E441200C63AE0 /* AlphaTrimmedFilter.cpp in Sources */ = {isa = PBXBuildFile; fileRef = 06575F331F0E441200C63AE0 /* AlphaTrimmedFilter.cpp */; };
		06575F461F0E441200C63AE0 /* MovingAverageFilter.cpp in Sources */ = {isa = PBXBuildFile; fileRef = 06575F341F0E441200C63AE0 /* MovingAverageFilter.cpp */; };
		06575F471F0E441200C63AE0 /* trilat.cpp in Sources */ = {isa = PBXBuildFile; fileRef = 06575F361F0E441200C63AE0 /* trilat.cpp */; };
		06575F481F0E441200C63AE0 /* RectanMesh.cpp in Sources */ = {isa = PBXBuildFile; fileRef = 06575F381F0E441200C63AE0 /* RectanMesh.cpp */; };
		06650E211E828D1300E7D811 /* BeaconConfig.h in Copy Files */ = {isa = PBXBuildFile; fileRef = 06FBD40A1E7F34A700D8902A /* BeaconConfig.h */; };
		06650E221E828D5D00E7D811 /* TConfig.h in Copy Files */ = {isa = PBXBuildFile; fileRef = 06FBD40F1E7F34A700D8902A /* TConfig.h */; };
		06650E231E82B51F00E7D811 /* IndoorPrefixHeader.pch in Copy Files */ = {isa = PBXBuildFile; fileRef = 06650DF31E814D3600E7D811 /* IndoorPrefixHeader.pch */; };
		06650E241E82BEB500E7D811 /* IndoorLocationListener.h in Copy Files */ = {isa = PBXBuildFile; fileRef = 06650DF41E815AEC00E7D811 /* IndoorLocationListener.h */; };
		06650E2A1E82CC1100E7D811 /* IndoorError.m in Sources */ = {isa = PBXBuildFile; fileRef = 06650E291E82CC1100E7D811 /* IndoorError.m */; };
		06650E2D1E82EC8400E7D811 /* IndoorError.h in Copy Files */ = {isa = PBXBuildFile; fileRef = 06650E281E82CC1100E7D811 /* IndoorError.h */; };
		06650E331E83D31600E7D811 /* ErrorListener.h in Copy Files */ = {isa = PBXBuildFile; fileRef = 06650E271E82C2CA00E7D811 /* ErrorListener.h */; };
		06A3E5191F0A83500078A0BF /* SensorBridge.cpp in Sources */ = {isa = PBXBuildFile; fileRef = 06A3E5171F0A83500078A0BF /* SensorBridge.cpp */; };
		06ED897E1E6D79F50011C01C /* IndoorLocationManager.mm in Sources */ = {isa = PBXBuildFile; fileRef = 06ED897D1E6D79F50011C01C /* IndoorLocationManager.mm */; };
		06FBD1851E7AEBDE00D8902A /* MeasurementEvent.h in Copy Files */ = {isa = PBXBuildFile; fileRef = 0610B6751E66F661003EC3FA /* MeasurementEvent.h */; };
		06FBD1871E7AEBDE00D8902A /* BluetoothMeasurementProvider.h in Copy Files */ = {isa = PBXBuildFile; fileRef = 0610B67B1E66F661003EC3FA /* BluetoothMeasurementProvider.h */; };
		06FBD1881E7AEBDE00D8902A /* GPSMeasurementProvider.h in Copy Files */ = {isa = PBXBuildFile; fileRef = 0610B67E1E66F661003EC3FA /* GPSMeasurementProvider.h */; };
		06FBD1891E7AEBDE00D8902A /* SensorMeasurementProvider.h in Copy Files */ = {isa = PBXBuildFile; fileRef = 0610B6831E66F661003EC3FA /* SensorMeasurementProvider.h */; };
		06FBD18A1E7AEBDE00D8902A /* WIFIMeasurementProvider.h in Copy Files */ = {isa = PBXBuildFile; fileRef = 0610B6891E66F661003EC3FA /* WIFIMeasurementProvider.h */; };
		06FBD18B1E7AEBDE00D8902A /* IndoorLocationManager.h in Copy Files */ = {isa = PBXBuildFile; fileRef = 06ED897C1E6D79F50011C01C /* IndoorLocationManager.h */; };
		06FBD18C1E7AEBDE00D8902A /* IosMeasurementTransfer.h in Copy Files */ = {isa = PBXBuildFile; fileRef = 0610B6861E66F661003EC3FA /* IosMeasurementTransfer.h */; };
		06FBD18D1E7AEBDE00D8902A /* MeasurementTranfer.h in Copy Files */ = {isa = PBXBuildFile; fileRef = 06FBC9991E76F5E900D8902A /* MeasurementTranfer.h */; };
		06FBD4061E7F1F2B00D8902A /* BluetoothBridge.cpp in Sources */ = {isa = PBXBuildFile; fileRef = 06FBD4041E7F1F2B00D8902A /* BluetoothBridge.cpp */; };
		06FBD4101E7F34A700D8902A /* BeaconConfig.m in Sources */ = {isa = PBXBuildFile; fileRef = 06FBD40B1E7F34A700D8902A /* BeaconConfig.m */; };
		06FBD4111E7F34A700D8902A /* BluethoothProviderConfiguration.m in Sources */ = {isa = PBXBuildFile; fileRef = 06FBD40D1E7F34A700D8902A /* BluethoothProviderConfiguration.m */; };
/* End PBXBuildFile section */

/* Begin PBXCopyFilesBuildPhase section */
		0610B6661E66F465003EC3FA /* Copy Files */ = {
			isa = PBXCopyFilesBuildPhase;
			buildActionMask = 12;
			dstPath = "include/$(PRODUCT_NAME)";
			dstSubfolderSpec = 16;
			files = (
				063A7A371EB34A9D00ABA37F /* ErrorTransfer.h in Copy Files */,
				063A7A361EB34A7D00ABA37F /* MeasurementProvider.h in Copy Files */,
				06650E331E83D31600E7D811 /* ErrorListener.h in Copy Files */,
				06650E2D1E82EC8400E7D811 /* IndoorError.h in Copy Files */,
				06650E241E82BEB500E7D811 /* IndoorLocationListener.h in Copy Files */,
				06650E231E82B51F00E7D811 /* IndoorPrefixHeader.pch in Copy Files */,
				06650E221E828D5D00E7D811 /* TConfig.h in Copy Files */,
				06650E211E828D1300E7D811 /* BeaconConfig.h in Copy Files */,
				06FBD1851E7AEBDE00D8902A /* MeasurementEvent.h in Copy Files */,
				06FBD1871E7AEBDE00D8902A /* BluetoothMeasurementProvider.h in Copy Files */,
				06FBD1881E7AEBDE00D8902A /* GPSMeasurementProvider.h in Copy Files */,
				06FBD1891E7AEBDE00D8902A /* SensorMeasurementProvider.h in Copy Files */,
				06FBD18A1E7AEBDE00D8902A /* WIFIMeasurementProvider.h in Copy Files */,
				06FBD18B1E7AEBDE00D8902A /* IndoorLocationManager.h in Copy Files */,
				06FBD18C1E7AEBDE00D8902A /* IosMeasurementTransfer.h in Copy Files */,
				06FBD18D1E7AEBDE00D8902A /* MeasurementTranfer.h in Copy Files */,
			);
			name = "Copy Files";
			runOnlyForDeploymentPostprocessing = 0;
		};
/* End PBXCopyFilesBuildPhase section */

/* Begin PBXFileReference section */
		0610B6681E66F465003EC3FA /* libIndoorLibrary.a */ = {isa = PBXFileReference; explicitFileType = archive.ar; includeInIndex = 0; path = libIndoorLibrary.a; sourceTree = BUILT_PRODUCTS_DIR; };
		0610B6751E66F661003EC3FA /* MeasurementEvent.h */ = {isa = PBXFileReference; fileEncoding = 4; lastKnownFileType = sourcecode.c.h; path = MeasurementEvent.h; sourceTree = "<group>"; };
		0610B6761E66F661003EC3FA /* MeasurementEvent.m */ = {isa = PBXFileReference; fileEncoding = 4; lastKnownFileType = sourcecode.c.objc; path = MeasurementEvent.m; sourceTree = "<group>"; };
		0610B67B1E66F661003EC3FA /* BluetoothMeasurementProvider.h */ = {isa = PBXFileReference; fileEncoding = 4; lastKnownFileType = sourcecode.c.h; path = BluetoothMeasurementProvider.h; sourceTree = "<group>"; };
		0610B67C1E66F661003EC3FA /* BluetoothMeasurementProvider.m */ = {isa = PBXFileReference; fileEncoding = 4; lastKnownFileType = sourcecode.c.objc; path = BluetoothMeasurementProvider.m; sourceTree = "<group>"; };
		0610B67E1E66F661003EC3FA /* GPSMeasurementProvider.h */ = {isa = PBXFileReference; fileEncoding = 4; lastKnownFileType = sourcecode.c.h; path = GPSMeasurementProvider.h; sourceTree = "<group>"; };
		0610B67F1E66F661003EC3FA /* GPSMeasurementProvider.m */ = {isa = PBXFileReference; fileEncoding = 4; lastKnownFileType = sourcecode.c.objc; path = GPSMeasurementProvider.m; sourceTree = "<group>"; };
		0610B6801E66F661003EC3FA /* MeasurementProvider.h */ = {isa = PBXFileReference; fileEncoding = 4; lastKnownFileType = sourcecode.c.h; path = MeasurementProvider.h; sourceTree = "<group>"; };
		0610B6811E66F661003EC3FA /* MeasurementProvider.m */ = {isa = PBXFileReference; fileEncoding = 4; lastKnownFileType = sourcecode.c.objc; path = MeasurementProvider.m; sourceTree = "<group>"; };
		0610B6831E66F661003EC3FA /* SensorMeasurementProvider.h */ = {isa = PBXFileReference; fileEncoding = 4; lastKnownFileType = sourcecode.c.h; path = SensorMeasurementProvider.h; sourceTree = "<group>"; };
		0610B6841E66F661003EC3FA /* SensorMeasurementProvider.m */ = {isa = PBXFileReference; fileEncoding = 4; lastKnownFileType = sourcecode.c.objc; path = SensorMeasurementProvider.m; sourceTree = "<group>"; };
		0610B6861E66F661003EC3FA /* IosMeasurementTransfer.h */ = {isa = PBXFileReference; fileEncoding = 4; lastKnownFileType = sourcecode.c.h; path = IosMeasurementTransfer.h; sourceTree = "<group>"; };
		0610B6871E66F661003EC3FA /* IosMeasurementTransfer.mm */ = {isa = PBXFileReference; fileEncoding = 4; lastKnownFileType = sourcecode.cpp.objcpp; path = IosMeasurementTransfer.mm; sourceTree = "<group>"; };
		0610B6891E66F661003EC3FA /* WIFIMeasurementProvider.h */ = {isa = PBXFileReference; fileEncoding = 4; lastKnownFileType = sourcecode.c.h; path = WIFIMeasurementProvider.h; sourceTree = "<group>"; };
		0610B68A1E66F661003EC3FA /* WIFIMeasurementProvider.m */ = {isa = PBXFileReference; fileEncoding = 4; lastKnownFileType = sourcecode.c.objc; path = WIFIMeasurementProvider.m; sourceTree = "<group>"; };
		06575F211F0E441200C63AE0 /* FilterImpl.cpp */ = {isa = PBXFileReference; fileEncoding = 4; lastKnownFileType = sourcecode.cpp.cpp; path = FilterImpl.cpp; sourceTree = "<group>"; };
		06575F221F0E441200C63AE0 /* StandardAccelNavigator.cpp */ = {isa = PBXFileReference; fileEncoding = 4; lastKnownFileType = sourcecode.cpp.cpp; path = StandardAccelNavigator.cpp; sourceTree = "<group>"; };
		06575F231F0E441200C63AE0 /* ToGlobal.cpp */ = {isa = PBXFileReference; fileEncoding = 4; lastKnownFileType = sourcecode.cpp.cpp; path = ToGlobal.cpp; sourceTree = "<group>"; };
		06575F241F0E441200C63AE0 /* TrajectoryDetection.cpp */ = {isa = PBXFileReference; fileEncoding = 4; lastKnownFileType = sourcecode.cpp.cpp; path = TrajectoryDetection.cpp; sourceTree = "<group>"; };
		06575F261F0E441200C63AE0 /* BeaconProcessor.cpp */ = {isa = PBXFileReference; fileEncoding = 4; lastKnownFileType = sourcecode.cpp.cpp; path = BeaconProcessor.cpp; sourceTree = "<group>"; };
		06575F291F0E441200C63AE0 /* algorithm.cpp */ = {isa = PBXFileReference; fileEncoding = 4; lastKnownFileType = sourcecode.cpp.cpp; path = algorithm.cpp; sourceTree = "<group>"; };
		06575F2A1F0E441200C63AE0 /* BeaconCalibrator.cpp */ = {isa = PBXFileReference; fileEncoding = 4; lastKnownFileType = sourcecode.cpp.cpp; path = BeaconCalibrator.cpp; sourceTree = "<group>"; };
		06575F2B1F0E441200C63AE0 /* StandardBeaconNavigator.cpp */ = {isa = PBXFileReference; fileEncoding = 4; lastKnownFileType = sourcecode.cpp.cpp; path = StandardBeaconNavigator.cpp; sourceTree = "<group>"; };
		06575F2C1F0E441200C63AE0 /* TrilatBeaconNavigator.cpp */ = {isa = PBXFileReference; fileEncoding = 4; lastKnownFileType = sourcecode.cpp.cpp; path = TrilatBeaconNavigator.cpp; sourceTree = "<group>"; };
		06575F2E1F0E441200C63AE0 /* Graph.cpp */ = {isa = PBXFileReference; fileEncoding = 4; lastKnownFileType = sourcecode.cpp.cpp; path = Graph.cpp; sourceTree = "<group>"; };
		06575F2F1F0E441200C63AE0 /* PointGraph.cpp */ = {isa = PBXFileReference; fileEncoding = 4; lastKnownFileType = sourcecode.cpp.cpp; path = PointGraph.cpp; sourceTree = "<group>"; };
		06575F321F0E441200C63AE0 /* AlphaBetaFilter.cpp */ = {isa = PBXFileReference; fileEncoding = 4; lastKnownFileType = sourcecode.cpp.cpp; path = AlphaBetaFilter.cpp; sourceTree = "<group>"; };
		06575F331F0E441200C63AE0 /* AlphaTrimmedFilter.cpp */ = {isa = PBXFileReference; fileEncoding = 4; lastKnownFileType = sourcecode.cpp.cpp; path = AlphaTrimmedFilter.cpp; sourceTree = "<group>"; };
		06575F341F0E441200C63AE0 /* MovingAverageFilter.cpp */ = {isa = PBXFileReference; fileEncoding = 4; lastKnownFileType = sourcecode.cpp.cpp; path = MovingAverageFilter.cpp; sourceTree = "<group>"; };
		06575F361F0E441200C63AE0 /* trilat.cpp */ = {isa = PBXFileReference; fileEncoding = 4; lastKnownFileType = sourcecode.cpp.cpp; path = trilat.cpp; sourceTree = "<group>"; };
		06575F381F0E441200C63AE0 /* RectanMesh.cpp */ = {isa = PBXFileReference; fileEncoding = 4; lastKnownFileType = sourcecode.cpp.cpp; path = RectanMesh.cpp; sourceTree = "<group>"; };
		06650DF31E814D3600E7D811 /* IndoorPrefixHeader.pch */ = {isa = PBXFileReference; lastKnownFileType = sourcecode.c.h; name = IndoorPrefixHeader.pch; path = IndoorLibrary/IndoorPrefixHeader.pch; sourceTree = "<group>"; };
		06650DF41E815AEC00E7D811 /* IndoorLocationListener.h */ = {isa = PBXFileReference; fileEncoding = 4; lastKnownFileType = sourcecode.c.h; path = IndoorLocationListener.h; sourceTree = "<group>"; };
		06650E271E82C2CA00E7D811 /* ErrorListener.h */ = {isa = PBXFileReference; fileEncoding = 4; lastKnownFileType = sourcecode.c.h; path = ErrorListener.h; sourceTree = "<group>"; };
		06650E281E82CC1100E7D811 /* IndoorError.h */ = {isa = PBXFileReference; fileEncoding = 4; lastKnownFileType = sourcecode.c.h; path = IndoorError.h; sourceTree = "<group>"; };
		06650E291E82CC1100E7D811 /* IndoorError.m */ = {isa = PBXFileReference; fileEncoding = 4; lastKnownFileType = sourcecode.c.objc; path = IndoorError.m; sourceTree = "<group>"; };
		06650E2B1E82D5F800E7D811 /* ErrorTransfer.h */ = {isa = PBXFileReference; fileEncoding = 4; lastKnownFileType = sourcecode.c.h; name = ErrorTransfer.h; path = ../../ErrorManager/ErrorTransfer.h; sourceTree = "<group>"; };
		06A3E5171F0A83500078A0BF /* SensorBridge.cpp */ = {isa = PBXFileReference; fileEncoding = 4; lastKnownFileType = sourcecode.cpp.cpp; path = SensorBridge.cpp; sourceTree = "<group>"; };
		06A3E5181F0A83500078A0BF /* SensorBridge.h */ = {isa = PBXFileReference; fileEncoding = 4; lastKnownFileType = sourcecode.c.h; path = SensorBridge.h; sourceTree = "<group>"; };
		06ED897C1E6D79F50011C01C /* IndoorLocationManager.h */ = {isa = PBXFileReference; fileEncoding = 4; lastKnownFileType = sourcecode.c.h; path = IndoorLocationManager.h; sourceTree = "<group>"; };
		06ED897D1E6D79F50011C01C /* IndoorLocationManager.mm */ = {isa = PBXFileReference; fileEncoding = 4; lastKnownFileType = sourcecode.cpp.objcpp; path = IndoorLocationManager.mm; sourceTree = "<group>"; };
		06FBC9991E76F5E900D8902A /* MeasurementTranfer.h */ = {isa = PBXFileReference; fileEncoding = 4; lastKnownFileType = sourcecode.c.h; path = MeasurementTranfer.h; sourceTree = "<group>"; };
		06FBD4041E7F1F2B00D8902A /* BluetoothBridge.cpp */ = {isa = PBXFileReference; fileEncoding = 4; lastKnownFileType = sourcecode.cpp.cpp; path = BluetoothBridge.cpp; sourceTree = "<group>"; };
		06FBD4051E7F1F2B00D8902A /* BluetoothBridge.h */ = {isa = PBXFileReference; fileEncoding = 4; lastKnownFileType = sourcecode.c.h; path = BluetoothBridge.h; sourceTree = "<group>"; };
		06FBD40A1E7F34A700D8902A /* BeaconConfig.h */ = {isa = PBXFileReference; fileEncoding = 4; lastKnownFileType = sourcecode.c.h; path = BeaconConfig.h; sourceTree = "<group>"; };
		06FBD40B1E7F34A700D8902A /* BeaconConfig.m */ = {isa = PBXFileReference; fileEncoding = 4; lastKnownFileType = sourcecode.c.objc; path = BeaconConfig.m; sourceTree = "<group>"; };
		06FBD40C1E7F34A700D8902A /* BluethoothProviderConfiguration.h */ = {isa = PBXFileReference; fileEncoding = 4; lastKnownFileType = sourcecode.c.h; path = BluethoothProviderConfiguration.h; sourceTree = "<group>"; };
		06FBD40D1E7F34A700D8902A /* BluethoothProviderConfiguration.m */ = {isa = PBXFileReference; fileEncoding = 4; lastKnownFileType = sourcecode.c.objc; path = BluethoothProviderConfiguration.m; sourceTree = "<group>"; };
		06FBD40E1E7F34A700D8902A /* ProviderConfiguration.h */ = {isa = PBXFileReference; fileEncoding = 4; lastKnownFileType = sourcecode.c.h; path = ProviderConfiguration.h; sourceTree = "<group>"; };
		06FBD40F1E7F34A700D8902A /* TConfig.h */ = {isa = PBXFileReference; fileEncoding = 4; lastKnownFileType = sourcecode.c.h; path = TConfig.h; sourceTree = "<group>"; };
/* End PBXFileReference section */

/* Begin PBXFrameworksBuildPhase section */
		0610B6651E66F465003EC3FA /* Frameworks */ = {
			isa = PBXFrameworksBuildPhase;
			buildActionMask = 2147483647;
			files = (
			);
			runOnlyForDeploymentPostprocessing = 0;
		};
/* End PBXFrameworksBuildPhase section */

/* Begin PBXGroup section */
		0610B65F1E66F465003EC3FA = {
			isa = PBXGroup;
			children = (
				06575F1F1F0E441200C63AE0 /* Navigator */,
				06650DF21E814CE700E7D811 /* Bridge */,
				06FBD4031E7F1EEE00D8902A /* Headers */,
				0610B66A1E66F465003EC3FA /* IndoorLibrary */,
				0610B6691E66F465003EC3FA /* Products */,
				06FBCB591E782CC700D8902A /* Frameworks */,
			);
			sourceTree = "<group>";
		};
		0610B6691E66F465003EC3FA /* Products */ = {
			isa = PBXGroup;
			children = (
				0610B6681E66F465003EC3FA /* libIndoorLibrary.a */,
			);
			name = Products;
			sourceTree = "<group>";
		};
		0610B66A1E66F465003EC3FA /* IndoorLibrary */ = {
			isa = PBXGroup;
			children = (
				06ED897C1E6D79F50011C01C /* IndoorLocationManager.h */,
				06ED897D1E6D79F50011C01C /* IndoorLocationManager.mm */,
				06650DF41E815AEC00E7D811 /* IndoorLocationListener.h */,
				06650E271E82C2CA00E7D811 /* ErrorListener.h */,
				06FBD4091E7F34A700D8902A /* Config */,
				06FBCB4C1E7813C500D8902A /* ErrorManager */,
				0610B6741E66F661003EC3FA /* Event */,
				0610B6771E66F661003EC3FA /* Providers */,
				0610B6851E66F661003EC3FA /* Transfer */,
			);
			path = IndoorLibrary;
			sourceTree = "<group>";
		};
		0610B6741E66F661003EC3FA /* Event */ = {
			isa = PBXGroup;
			children = (
				0610B6751E66F661003EC3FA /* MeasurementEvent.h */,
				0610B6761E66F661003EC3FA /* MeasurementEvent.m */,
			);
			path = Event;
			sourceTree = "<group>";
		};
		0610B6771E66F661003EC3FA /* Providers */ = {
			isa = PBXGroup;
			children = (
				0610B6801E66F661003EC3FA /* MeasurementProvider.h */,
				0610B6811E66F661003EC3FA /* MeasurementProvider.m */,
				0610B6781E66F661003EC3FA /* Bluetooth */,
				0610B67D1E66F661003EC3FA /* GPS */,
				0610B6821E66F661003EC3FA /* Sensors */,
				0610B6881E66F661003EC3FA /* WIFI */,
			);
			path = Providers;
			sourceTree = "<group>";
		};
		0610B6781E66F661003EC3FA /* Bluetooth */ = {
			isa = PBXGroup;
			children = (
				0610B67B1E66F661003EC3FA /* BluetoothMeasurementProvider.h */,
				0610B67C1E66F661003EC3FA /* BluetoothMeasurementProvider.m */,
			);
			path = Bluetooth;
			sourceTree = "<group>";
		};
		0610B67D1E66F661003EC3FA /* GPS */ = {
			isa = PBXGroup;
			children = (
				0610B67E1E66F661003EC3FA /* GPSMeasurementProvider.h */,
				0610B67F1E66F661003EC3FA /* GPSMeasurementProvider.m */,
			);
			path = GPS;
			sourceTree = "<group>";
		};
		0610B6821E66F661003EC3FA /* Sensors */ = {
			isa = PBXGroup;
			children = (
				0610B6831E66F661003EC3FA /* SensorMeasurementProvider.h */,
				0610B6841E66F661003EC3FA /* SensorMeasurementProvider.m */,
			);
			path = Sensors;
			sourceTree = "<group>";
		};
		0610B6851E66F661003EC3FA /* Transfer */ = {
			isa = PBXGroup;
			children = (
				0610B6861E66F661003EC3FA /* IosMeasurementTransfer.h */,
				0610B6871E66F661003EC3FA /* IosMeasurementTransfer.mm */,
				06FBC9991E76F5E900D8902A /* MeasurementTranfer.h */,
				06650E2B1E82D5F800E7D811 /* ErrorTransfer.h */,
			);
			name = Transfer;
			path = Providers/Transfer;
			sourceTree = "<group>";
		};
		0610B6881E66F661003EC3FA /* WIFI */ = {
			isa = PBXGroup;
			children = (
				0610B6891E66F661003EC3FA /* WIFIMeasurementProvider.h */,
				0610B68A1E66F661003EC3FA /* WIFIMeasurementProvider.m */,
			);
			path = WIFI;
			sourceTree = "<group>";
		};
		06575F1F1F0E441200C63AE0 /* Navigator */ = {
			isa = PBXGroup;
			children = (
				06575F201F0E441200C63AE0 /* Accel */,
				06575F251F0E441200C63AE0 /* Beacons */,
				06575F2D1F0E441200C63AE0 /* Dijkstra */,
				06575F301F0E441200C63AE0 /* Math */,
				06575F371F0E441200C63AE0 /* Mesh */,
			);
			name = Navigator;
			path = ../../NavigatorLib/src/Navigator;
			sourceTree = "<group>";
		};
		06575F201F0E441200C63AE0 /* Accel */ = {
			isa = PBXGroup;
			children = (
				06575F211F0E441200C63AE0 /* FilterImpl.cpp */,
				06575F221F0E441200C63AE0 /* StandardAccelNavigator.cpp */,
				06575F231F0E441200C63AE0 /* ToGlobal.cpp */,
				06575F241F0E441200C63AE0 /* TrajectoryDetection.cpp */,
			);
			path = Accel;
			sourceTree = "<group>";
		};
		06575F251F0E441200C63AE0 /* Beacons */ = {
			isa = PBXGroup;
			children = (
				06575F261F0E441200C63AE0 /* BeaconProcessor.cpp */,
				06575F271F0E441200C63AE0 /* Calibrate */,
				06575F2B1F0E441200C63AE0 /* StandardBeaconNavigator.cpp */,
				06575F2C1F0E441200C63AE0 /* TrilatBeaconNavigator.cpp */,
			);
			path = Beacons;
			sourceTree = "<group>";
		};
		06575F271F0E441200C63AE0 /* Calibrate */ = {
			isa = PBXGroup;
			children = (
				06575F281F0E441200C63AE0 /* Algorithm */,
				06575F2A1F0E441200C63AE0 /* BeaconCalibrator.cpp */,
			);
			path = Calibrate;
			sourceTree = "<group>";
		};
		06575F281F0E441200C63AE0 /* Algorithm */ = {
			isa = PBXGroup;
			children = (
				06575F291F0E441200C63AE0 /* algorithm.cpp */,
			);
			path = Algorithm;
			sourceTree = "<group>";
		};
		06575F2D1F0E441200C63AE0 /* Dijkstra */ = {
			isa = PBXGroup;
			children = (
				06575F2E1F0E441200C63AE0 /* Graph.cpp */,
				06575F2F1F0E441200C63AE0 /* PointGraph.cpp */,
			);
			path = Dijkstra;
			sourceTree = "<group>";
		};
		06575F301F0E441200C63AE0 /* Math */ = {
			isa = PBXGroup;
			children = (
				06575F311F0E441200C63AE0 /* Filter */,
				06575F351F0E441200C63AE0 /* Trilat */,
			);
			path = Math;
			sourceTree = "<group>";
		};
		06575F311F0E441200C63AE0 /* Filter */ = {
			isa = PBXGroup;
			children = (
				06575F321F0E441200C63AE0 /* AlphaBetaFilter.cpp */,
				06575F331F0E441200C63AE0 /* AlphaTrimmedFilter.cpp */,
				06575F341F0E441200C63AE0 /* MovingAverageFilter.cpp */,
			);
			path = Filter;
			sourceTree = "<group>";
		};
		06575F351F0E441200C63AE0 /* Trilat */ = {
			isa = PBXGroup;
			children = (
				06575F361F0E441200C63AE0 /* trilat.cpp */,
			);
			path = Trilat;
			sourceTree = "<group>";
		};
		06575F371F0E441200C63AE0 /* Mesh */ = {
			isa = PBXGroup;
			children = (
				06575F381F0E441200C63AE0 /* RectanMesh.cpp */,
			);
			path = Mesh;
			sourceTree = "<group>";
		};
		06650DF21E814CE700E7D811 /* Bridge */ = {
			isa = PBXGroup;
			children = (
				06FBD4041E7F1F2B00D8902A /* BluetoothBridge.cpp */,
				06FBD4051E7F1F2B00D8902A /* BluetoothBridge.h */,
				06A3E5171F0A83500078A0BF /* SensorBridge.cpp */,
				06A3E5181F0A83500078A0BF /* SensorBridge.h */,
			);
			name = Bridge;
			sourceTree = "<group>";
		};
		06FBCB4C1E7813C500D8902A /* ErrorManager */ = {
			isa = PBXGroup;
			children = (
				06650E281E82CC1100E7D811 /* IndoorError.h */,
				06650E291E82CC1100E7D811 /* IndoorError.m */,
			);
			path = ErrorManager;
			sourceTree = "<group>";
		};
		06FBCB591E782CC700D8902A /* Frameworks */ = {
			isa = PBXGroup;
			children = (
			);
			name = Frameworks;
			sourceTree = "<group>";
		};
		06FBD4031E7F1EEE00D8902A /* Headers */ = {
			isa = PBXGroup;
			children = (
				06650DF31E814D3600E7D811 /* IndoorPrefixHeader.pch */,
			);
			name = Headers;
			sourceTree = "<group>";
		};
		06FBD4091E7F34A700D8902A /* Config */ = {
			isa = PBXGroup;
			children = (
				06FBD40A1E7F34A700D8902A /* BeaconConfig.h */,
				06FBD40B1E7F34A700D8902A /* BeaconConfig.m */,
				06FBD40C1E7F34A700D8902A /* BluethoothProviderConfiguration.h */,
				06FBD40D1E7F34A700D8902A /* BluethoothProviderConfiguration.m */,
				06FBD40E1E7F34A700D8902A /* ProviderConfiguration.h */,
				06FBD40F1E7F34A700D8902A /* TConfig.h */,
			);
			path = Config;
			sourceTree = "<group>";
		};
/* End PBXGroup section */

/* Begin PBXNativeTarget section */
		0610B6671E66F465003EC3FA /* IndoorLibrary */ = {
			isa = PBXNativeTarget;
			buildConfigurationList = 0610B6711E66F465003EC3FA /* Build configuration list for PBXNativeTarget "IndoorLibrary" */;
			buildPhases = (
				0610B6641E66F465003EC3FA /* Sources */,
				0610B6651E66F465003EC3FA /* Frameworks */,
				0610B6661E66F465003EC3FA /* Copy Files */,
				06FBCF4F1E7AAC6C00D8902A /* Resources */,
			);
			buildRules = (
			);
			dependencies = (
			);
			name = IndoorLibrary;
			productName = IndoorLibrary;
			productReference = 0610B6681E66F465003EC3FA /* libIndoorLibrary.a */;
			productType = "com.apple.product-type.library.static";
		};
/* End PBXNativeTarget section */

/* Begin PBXProject section */
		0610B6601E66F465003EC3FA /* Project object */ = {
			isa = PBXProject;
			attributes = {
				LastUpgradeCheck = 0820;
				ORGANIZATIONNAME = PischenkoL;
				TargetAttributes = {
					0610B6671E66F465003EC3FA = {
						CreatedOnToolsVersion = 8.2.1;
						DevelopmentTeam = CME5G2A9T6;
						ProvisioningStyle = Automatic;
					};
				};
			};
			buildConfigurationList = 0610B6631E66F465003EC3FA /* Build configuration list for PBXProject "IndoorLibrary" */;
			compatibilityVersion = "Xcode 3.2";
			developmentRegion = English;
			hasScannedForEncodings = 0;
			knownRegions = (
				en,
			);
			mainGroup = 0610B65F1E66F465003EC3FA;
			productRefGroup = 0610B6691E66F465003EC3FA /* Products */;
			projectDirPath = "";
			projectRoot = "";
			targets = (
				0610B6671E66F465003EC3FA /* IndoorLibrary */,
			);
		};
/* End PBXProject section */

/* Begin PBXResourcesBuildPhase section */
		06FBCF4F1E7AAC6C00D8902A /* Resources */ = {
			isa = PBXResourcesBuildPhase;
			buildActionMask = 2147483647;
			files = (
			);
			runOnlyForDeploymentPostprocessing = 0;
		};
/* End PBXResourcesBuildPhase section */

/* Begin PBXSourcesBuildPhase section */
		0610B6641E66F465003EC3FA /* Sources */ = {
			isa = PBXSourcesBuildPhase;
			buildActionMask = 2147483647;
			files = (
				06575F3D1F0E441200C63AE0 /* BeaconProcessor.cpp in Sources */,
				06575F3C1F0E441200C63AE0 /* TrajectoryDetection.cpp in Sources */,
				06575F441F0E441200C63AE0 /* AlphaBetaFilter.cpp in Sources */,
				06A3E5191F0A83500078A0BF /* SensorBridge.cpp in Sources */,
				06575F3B1F0E441200C63AE0 /* ToGlobal.cpp in Sources */,
				06FBD4111E7F34A700D8902A /* BluethoothProviderConfiguration.m in Sources */,
				0610B68D1E66F661003EC3FA /* BluetoothMeasurementProvider.m in Sources */,
				06575F471F0E441200C63AE0 /* trilat.cpp in Sources */,
				06575F451F0E441200C63AE0 /* AlphaTrimmedFilter.cpp in Sources */,
				06650E2A1E82CC1100E7D811 /* IndoorError.m in Sources */,
				06575F401F0E441200C63AE0 /* StandardBeaconNavigator.cpp in Sources */,
				06ED897E1E6D79F50011C01C /* IndoorLocationManager.mm in Sources */,
				06FBD4101E7F34A700D8902A /* BeaconConfig.m in Sources */,
				0610B68F1E66F661003EC3FA /* MeasurementProvider.m in Sources */,
				06575F431F0E441200C63AE0 /* PointGraph.cpp in Sources */,
				0610B68E1E66F661003EC3FA /* GPSMeasurementProvider.m in Sources */,
				06575F481F0E441200C63AE0 /* RectanMesh.cpp in Sources */,
				06575F461F0E441200C63AE0 /* MovingAverageFilter.cpp in Sources */,
				06575F421F0E441200C63AE0 /* Graph.cpp in Sources */,
				0610B6911E66F661003EC3FA /* IosMeasurementTransfer.mm in Sources */,
				06575F411F0E441200C63AE0 /* TrilatBeaconNavigator.cpp in Sources */,
				06575F3F1F0E441200C63AE0 /* BeaconCalibrator.cpp in Sources */,
				0610B6901E66F661003EC3FA /* SensorMeasurementProvider.m in Sources */,
				0610B6921E66F661003EC3FA /* WIFIMeasurementProvider.m in Sources */,
				06575F3A1F0E441200C63AE0 /* StandardAccelNavigator.cpp in Sources */,
				06575F3E1F0E441200C63AE0 /* algorithm.cpp in Sources */,
				06575F391F0E441200C63AE0 /* FilterImpl.cpp in Sources */,
				0610B68B1E66F661003EC3FA /* MeasurementEvent.m in Sources */,
				06FBD4061E7F1F2B00D8902A /* BluetoothBridge.cpp in Sources */,
			);
			runOnlyForDeploymentPostprocessing = 0;
		};
/* End PBXSourcesBuildPhase section */

/* Begin XCBuildConfiguration section */
		0610B66F1E66F465003EC3FA /* Debug */ = {
			isa = XCBuildConfiguration;
			buildSettings = {
				ALWAYS_SEARCH_USER_PATHS = NO;
				CLANG_ANALYZER_NONNULL = YES;
				CLANG_CXX_LANGUAGE_STANDARD = "gnu++0x";
				CLANG_CXX_LIBRARY = "libc++";
				CLANG_ENABLE_MODULES = YES;
				CLANG_ENABLE_OBJC_ARC = YES;
				CLANG_WARN_BOOL_CONVERSION = YES;
				CLANG_WARN_CONSTANT_CONVERSION = YES;
				CLANG_WARN_DIRECT_OBJC_ISA_USAGE = YES_ERROR;
				CLANG_WARN_DOCUMENTATION_COMMENTS = YES;
				CLANG_WARN_EMPTY_BODY = YES;
				CLANG_WARN_ENUM_CONVERSION = YES;
				CLANG_WARN_INFINITE_RECURSION = YES;
				CLANG_WARN_INT_CONVERSION = YES;
				CLANG_WARN_OBJC_ROOT_CLASS = YES_ERROR;
				CLANG_WARN_SUSPICIOUS_MOVE = YES;
				CLANG_WARN_UNREACHABLE_CODE = YES;
				CLANG_WARN__DUPLICATE_METHOD_MATCH = YES;
				"CODE_SIGN_IDENTITY[sdk=iphoneos*]" = "iPhone Developer";
				COPY_PHASE_STRIP = NO;
				DEBUG_INFORMATION_FORMAT = dwarf;
				ENABLE_STRICT_OBJC_MSGSEND = YES;
				ENABLE_TESTABILITY = YES;
				GCC_C_LANGUAGE_STANDARD = gnu99;
				GCC_DYNAMIC_NO_PIC = NO;
				GCC_NO_COMMON_BLOCKS = YES;
				GCC_OPTIMIZATION_LEVEL = 0;
				GCC_PREPROCESSOR_DEFINITIONS = (
					"DEBUG=1",
					"$(inherited)",
				);
				GCC_WARN_64_TO_32_BIT_CONVERSION = YES;
				GCC_WARN_ABOUT_RETURN_TYPE = YES_ERROR;
				GCC_WARN_UNDECLARED_SELECTOR = YES;
				GCC_WARN_UNINITIALIZED_AUTOS = YES_AGGRESSIVE;
				GCC_WARN_UNUSED_FUNCTION = YES;
				GCC_WARN_UNUSED_VARIABLE = YES;
				HEADER_SEARCH_PATHS = "$(PROJECT_DIR)/IndoorLibrary/lib/**";
				IPHONEOS_DEPLOYMENT_TARGET = 9.0;
				MTL_ENABLE_DEBUG_INFO = YES;
				ONLY_ACTIVE_ARCH = YES;
				OTHER_CPLUSPLUSFLAGS = (
					"$(OTHER_CFLAGS)",
					"-DBRIDGE_LIBRARY",
				);
				SDKROOT = iphoneos;
			};
			name = Debug;
		};
		0610B6701E66F465003EC3FA /* Release */ = {
			isa = XCBuildConfiguration;
			buildSettings = {
				ALWAYS_SEARCH_USER_PATHS = NO;
				CLANG_ANALYZER_NONNULL = YES;
				CLANG_CXX_LANGUAGE_STANDARD = "gnu++0x";
				CLANG_CXX_LIBRARY = "libc++";
				CLANG_ENABLE_MODULES = YES;
				CLANG_ENABLE_OBJC_ARC = YES;
				CLANG_WARN_BOOL_CONVERSION = YES;
				CLANG_WARN_CONSTANT_CONVERSION = YES;
				CLANG_WARN_DIRECT_OBJC_ISA_USAGE = YES_ERROR;
				CLANG_WARN_DOCUMENTATION_COMMENTS = YES;
				CLANG_WARN_EMPTY_BODY = YES;
				CLANG_WARN_ENUM_CONVERSION = YES;
				CLANG_WARN_INFINITE_RECURSION = YES;
				CLANG_WARN_INT_CONVERSION = YES;
				CLANG_WARN_OBJC_ROOT_CLASS = YES_ERROR;
				CLANG_WARN_SUSPICIOUS_MOVE = YES;
				CLANG_WARN_UNREACHABLE_CODE = YES;
				CLANG_WARN__DUPLICATE_METHOD_MATCH = YES;
				"CODE_SIGN_IDENTITY[sdk=iphoneos*]" = "iPhone Developer";
				COPY_PHASE_STRIP = NO;
				DEBUG_INFORMATION_FORMAT = "dwarf-with-dsym";
				ENABLE_NS_ASSERTIONS = NO;
				ENABLE_STRICT_OBJC_MSGSEND = YES;
				GCC_C_LANGUAGE_STANDARD = gnu99;
				GCC_NO_COMMON_BLOCKS = YES;
				GCC_WARN_64_TO_32_BIT_CONVERSION = YES;
				GCC_WARN_ABOUT_RETURN_TYPE = YES_ERROR;
				GCC_WARN_UNDECLARED_SELECTOR = YES;
				GCC_WARN_UNINITIALIZED_AUTOS = YES_AGGRESSIVE;
				GCC_WARN_UNUSED_FUNCTION = YES;
				GCC_WARN_UNUSED_VARIABLE = YES;
				HEADER_SEARCH_PATHS = "$(PROJECT_DIR)/IndoorLibrary/lib/**";
				IPHONEOS_DEPLOYMENT_TARGET = 9.0;
				MTL_ENABLE_DEBUG_INFO = NO;
				OTHER_CPLUSPLUSFLAGS = (
					"$(OTHER_CFLAGS)",
					"-DBRIDGE_LIBRARY",
				);
				SDKROOT = iphoneos;
				VALIDATE_PRODUCT = YES;
			};
			name = Release;
		};
		0610B6721E66F465003EC3FA /* Debug */ = {
			isa = XCBuildConfiguration;
			buildSettings = {
				CLANG_CXX_LANGUAGE_STANDARD = "";
				CLANG_CXX_LIBRARY = "libc++";
				DEVELOPMENT_TEAM = CME5G2A9T6;
				ENABLE_ON_DEMAND_RESOURCES = NO;
				FRAMEWORK_SEARCH_PATHS = "";
				GCC_ENABLE_CPP_EXCEPTIONS = YES;
				GCC_ENABLE_CPP_RTTI = NO;
				GCC_INLINES_ARE_PRIVATE_EXTERN = YES;
				GCC_INPUT_FILETYPE = automatic;
				GCC_PRECOMPILE_PREFIX_HEADER = NO;
				GCC_PREFIX_HEADER = IndoorLibrary/IndoorPrefixHeader.pch;
				GCC_PREPROCESSOR_DEFINITIONS_NOT_USED_IN_PRECOMPS = "";
				HEADER_SEARCH_PATHS = (
					"$(PROJECT_DIR)/../../NavigatorLib/include/**",
					/usr/local/include/eigen3/,
				);
				INSTALL_PATH = "$(LOCAL_APPS_DIR)";
				LD_RUNPATH_SEARCH_PATHS = "$(inherited)";
				LIBRARY_SEARCH_PATHS = "$(PROJECT_DIR)/../../NavigatorLib/**";
				ONLY_ACTIVE_ARCH = NO;
				OTHER_CFLAGS = "-fembed-bitcode";
				OTHER_CPLUSPLUSFLAGS = (
					"$(OTHER_CFLAGS)",
					"-DBRIDGE_LIBRARY",
					"-std=c++14",
					"-I",
					/usr/local/include/eigen3/,
					"-fembed-bitcode",
				);
				OTHER_LDFLAGS = (
					"-ObjC",
					"-l\"c++\"",
				);
				PRODUCT_BUNDLE_IDENTIFIER = "Kaa-solutions.indoorLibrary";
				PRODUCT_NAME = "$(TARGET_NAME)";
				REZ_SEARCH_PATHS = "";
				SKIP_INSTALL = YES;
				STRIP_STYLE = all;
				SYMROOT = build;
				TARGETED_DEVICE_FAMILY = "1,2";
			};
			name = Debug;
		};
		0610B6731E66F465003EC3FA /* Release */ = {
			isa = XCBuildConfiguration;
			buildSettings = {
				CLANG_CXX_LANGUAGE_STANDARD = "";
				CLANG_CXX_LIBRARY = "libc++";
				DEVELOPMENT_TEAM = CME5G2A9T6;
				ENABLE_ON_DEMAND_RESOURCES = NO;
				FRAMEWORK_SEARCH_PATHS = "";
				GCC_ENABLE_CPP_EXCEPTIONS = YES;
				GCC_ENABLE_CPP_RTTI = NO;
				GCC_INLINES_ARE_PRIVATE_EXTERN = YES;
				GCC_INPUT_FILETYPE = automatic;
				GCC_PRECOMPILE_PREFIX_HEADER = NO;
				GCC_PREFIX_HEADER = IndoorLibrary/IndoorPrefixHeader.pch;
				GCC_PREPROCESSOR_DEFINITIONS_NOT_USED_IN_PRECOMPS = "";
				HEADER_SEARCH_PATHS = (
					"$(PROJECT_DIR)/../../NavigatorLib/include/**",
					/usr/local/include/eigen3/,
				);
				INSTALL_PATH = "$(LOCAL_APPS_DIR)";
				LD_RUNPATH_SEARCH_PATHS = "$(inherited)";
				LIBRARY_SEARCH_PATHS = "$(PROJECT_DIR)/../../NavigatorLib/**";
				OTHER_CFLAGS = "-fembed-bitcode";
				OTHER_CPLUSPLUSFLAGS = (
					"$(OTHER_CFLAGS)",
					"-DBRIDGE_LIBRARY",
					"-std=c++14",
					"-I",
					/usr/local/include/eigen3/,
					"-fembed-bitcode",
				);
				OTHER_LDFLAGS = (
					"-ObjC",
					"-l\"c++\"",
				);
				PRODUCT_BUNDLE_IDENTIFIER = "Kaa-solutions.indoorLibrary";
				PRODUCT_NAME = "$(TARGET_NAME)";
				REZ_SEARCH_PATHS = "";
				SKIP_INSTALL = YES;
				STRIP_STYLE = all;
				SYMROOT = build;
				TARGETED_DEVICE_FAMILY = "1,2";
			};
			name = Release;
		};
/* End XCBuildConfiguration section */

/* Begin XCConfigurationList section */
		0610B6631E66F465003EC3FA /* Build configuration list for PBXProject "IndoorLibrary" */ = {
			isa = XCConfigurationList;
			buildConfigurations = (
				0610B66F1E66F465003EC3FA /* Debug */,
				0610B6701E66F465003EC3FA /* Release */,
			);
			defaultConfigurationIsVisible = 0;
			defaultConfigurationName = Release;
		};
		0610B6711E66F465003EC3FA /* Build configuration list for PBXNativeTarget "IndoorLibrary" */ = {
			isa = XCConfigurationList;
			buildConfigurations = (
				0610B6721E66F465003EC3FA /* Debug */,
				0610B6731E66F465003EC3FA /* Release */,
			);
			defaultConfigurationIsVisible = 0;
			defaultConfigurationName = Release;
		};
/* End XCConfigurationList section */
	};
	rootObject = 0610B6601E66F465003EC3FA /* Project object */;
}
