// !$*UTF8*$!
{
	archiveVersion = 1;
	classes = {
	};
	objectVersion = 46;
	objects = {

/* Begin PBXBuildFile section */
		0610B68B1E66F661003EC3FA /* MeasurementEvent.m in Sources */ = {isa = PBXBuildFile; fileRef = 0610B6761E66F661003EC3FA /* MeasurementEvent.m */; };
		0610B68D1E66F661003EC3FA /* BluetoothMeasurementProvider.m in Sources */ = {isa = PBXBuildFile; fileRef = 0610B67C1E66F661003EC3FA /* BluetoothMeasurementProvider.m */; };
		0610B68E1E66F661003EC3FA /* GPSMeasurementProvider.m in Sources */ = {isa = PBXBuildFile; fileRef = 0610B67F1E66F661003EC3FA /* GPSMeasurementProvider.m */; };
		0610B68F1E66F661003EC3FA /* MeasurementProvider.m in Sources */ = {isa = PBXBuildFile; fileRef = 0610B6811E66F661003EC3FA /* MeasurementProvider.m */; };
		0610B6901E66F661003EC3FA /* SensorMeasurementProvider.m in Sources */ = {isa = PBXBuildFile; fileRef = 0610B6841E66F661003EC3FA /* SensorMeasurementProvider.m */; };
		0610B6911E66F661003EC3FA /* IosMeasurementTransfer.mm in Sources */ = {isa = PBXBuildFile; fileRef = 0610B6871E66F661003EC3FA /* IosMeasurementTransfer.mm */; };
		0610B6921E66F661003EC3FA /* WIFIMeasurementProvider.m in Sources */ = {isa = PBXBuildFile; fileRef = 0610B68A1E66F661003EC3FA /* WIFIMeasurementProvider.m */; };
		06650E1A1E81767500E7D811 /* TrilatBeaconNavigator.cpp in Sources */ = {isa = PBXBuildFile; fileRef = 06650E191E81767500E7D811 /* TrilatBeaconNavigator.cpp */; };
		06650E1D1E81768600E7D811 /* AlphaBetaFilter.cpp in Sources */ = {isa = PBXBuildFile; fileRef = 06650E1B1E81768600E7D811 /* AlphaBetaFilter.cpp */; };
		06650E1E1E81768600E7D811 /* MovingAverageFilter.cpp in Sources */ = {isa = PBXBuildFile; fileRef = 06650E1C1E81768600E7D811 /* MovingAverageFilter.cpp */; };
		06650E201E81769E00E7D811 /* trilat.cpp in Sources */ = {isa = PBXBuildFile; fileRef = 06650E1F1E81769E00E7D811 /* trilat.cpp */; };
		06ED897E1E6D79F50011C01C /* IndoorLocationManager.mm in Sources */ = {isa = PBXBuildFile; fileRef = 06ED897D1E6D79F50011C01C /* IndoorLocationManager.mm */; };
		06FBCB4F1E7813F800D8902A /* ErrorListener.m in Sources */ = {isa = PBXBuildFile; fileRef = 06FBCB4E1E7813F800D8902A /* ErrorListener.m */; };
		06FBCB551E78149A00D8902A /* PermissionError.m in Sources */ = {isa = PBXBuildFile; fileRef = 06FBCB541E78149A00D8902A /* PermissionError.m */; };
		06FBCB581E7814B900D8902A /* AvailabilityError.m in Sources */ = {isa = PBXBuildFile; fileRef = 06FBCB571E7814B900D8902A /* AvailabilityError.m */; };
		06FBD17E1E7AEBDE00D8902A /* ErrorListener.h in Copy Files */ = {isa = PBXBuildFile; fileRef = 06FBCB4D1E7813F800D8902A /* ErrorListener.h */; };
		06FBD17F1E7AEBDE00D8902A /* PermissionError.h in Copy Files */ = {isa = PBXBuildFile; fileRef = 06FBCB531E78149A00D8902A /* PermissionError.h */; settings = {ATTRIBUTES = (CodeSignOnCopy, ); }; };
		06FBD1801E7AEBDE00D8902A /* AvailabilityError.h in Copy Files */ = {isa = PBXBuildFile; fileRef = 06FBCB561E7814B900D8902A /* AvailabilityError.h */; settings = {ATTRIBUTES = (CodeSignOnCopy, ); }; };
		06FBD1851E7AEBDE00D8902A /* MeasurementEvent.h in Copy Files */ = {isa = PBXBuildFile; fileRef = 0610B6751E66F661003EC3FA /* MeasurementEvent.h */; settings = {ATTRIBUTES = (CodeSignOnCopy, ); }; };
		06FBD1861E7AEBDE00D8902A /* MeasurementProvider.h in Copy Files */ = {isa = PBXBuildFile; fileRef = 0610B6801E66F661003EC3FA /* MeasurementProvider.h */; settings = {ATTRIBUTES = (CodeSignOnCopy, ); }; };
		06FBD1871E7AEBDE00D8902A /* BluetoothMeasurementProvider.h in Copy Files */ = {isa = PBXBuildFile; fileRef = 0610B67B1E66F661003EC3FA /* BluetoothMeasurementProvider.h */; };
		06FBD1881E7AEBDE00D8902A /* GPSMeasurementProvider.h in Copy Files */ = {isa = PBXBuildFile; fileRef = 0610B67E1E66F661003EC3FA /* GPSMeasurementProvider.h */; };
		06FBD1891E7AEBDE00D8902A /* SensorMeasurementProvider.h in Copy Files */ = {isa = PBXBuildFile; fileRef = 0610B6831E66F661003EC3FA /* SensorMeasurementProvider.h */; };
		06FBD18A1E7AEBDE00D8902A /* WIFIMeasurementProvider.h in Copy Files */ = {isa = PBXBuildFile; fileRef = 0610B6891E66F661003EC3FA /* WIFIMeasurementProvider.h */; };
		06FBD18B1E7AEBDE00D8902A /* IndoorLocationManager.h in Copy Files */ = {isa = PBXBuildFile; fileRef = 06ED897C1E6D79F50011C01C /* IndoorLocationManager.h */; };
		06FBD18C1E7AEBDE00D8902A /* IosMeasurementTransfer.h in Copy Files */ = {isa = PBXBuildFile; fileRef = 0610B6861E66F661003EC3FA /* IosMeasurementTransfer.h */; };
		06FBD18D1E7AEBDE00D8902A /* MeasurementTranfer.h in Copy Files */ = {isa = PBXBuildFile; fileRef = 06FBC9991E76F5E900D8902A /* MeasurementTranfer.h */; };
		06FBD4061E7F1F2B00D8902A /* BluetoothBridge.cpp in Sources */ = {isa = PBXBuildFile; fileRef = 06FBD4041E7F1F2B00D8902A /* BluetoothBridge.cpp */; };
		06FBD4101E7F34A700D8902A /* BeaconConfig.m in Sources */ = {isa = PBXBuildFile; fileRef = 06FBD40B1E7F34A700D8902A /* BeaconConfig.m */; };
		06FBD4111E7F34A700D8902A /* BluethoothProviderConfiguration.m in Sources */ = {isa = PBXBuildFile; fileRef = 06FBD40D1E7F34A700D8902A /* BluethoothProviderConfiguration.m */; };
		06FBD4121E7FEF2600D8902A /* BluetoothBridge.h in Copy Files */ = {isa = PBXBuildFile; fileRef = 06FBD4051E7F1F2B00D8902A /* BluetoothBridge.h */; };
/* End PBXBuildFile section */

/* Begin PBXCopyFilesBuildPhase section */
		0610B6661E66F465003EC3FA /* Copy Files */ = {
			isa = PBXCopyFilesBuildPhase;
			buildActionMask = 12;
			dstPath = "include/$(PRODUCT_NAME)";
			dstSubfolderSpec = 16;
			files = (
				06FBD4121E7FEF2600D8902A /* BluetoothBridge.h in Copy Files */,
				06FBD17E1E7AEBDE00D8902A /* ErrorListener.h in Copy Files */,
				06FBD17F1E7AEBDE00D8902A /* PermissionError.h in Copy Files */,
				06FBD1801E7AEBDE00D8902A /* AvailabilityError.h in Copy Files */,
				06FBD1851E7AEBDE00D8902A /* MeasurementEvent.h in Copy Files */,
				06FBD1861E7AEBDE00D8902A /* MeasurementProvider.h in Copy Files */,
				06FBD1871E7AEBDE00D8902A /* BluetoothMeasurementProvider.h in Copy Files */,
				06FBD1881E7AEBDE00D8902A /* GPSMeasurementProvider.h in Copy Files */,
				06FBD1891E7AEBDE00D8902A /* SensorMeasurementProvider.h in Copy Files */,
				06FBD18A1E7AEBDE00D8902A /* WIFIMeasurementProvider.h in Copy Files */,
				06FBD18B1E7AEBDE00D8902A /* IndoorLocationManager.h in Copy Files */,
				06FBD18C1E7AEBDE00D8902A /* IosMeasurementTransfer.h in Copy Files */,
				06FBD18D1E7AEBDE00D8902A /* MeasurementTranfer.h in Copy Files */,
			);
			name = "Copy Files";
			runOnlyForDeploymentPostprocessing = 0;
		};
/* End PBXCopyFilesBuildPhase section */

/* Begin PBXFileReference section */
		0610B6681E66F465003EC3FA /* libIndoorLibrary.a */ = {isa = PBXFileReference; explicitFileType = archive.ar; includeInIndex = 0; path = libIndoorLibrary.a; sourceTree = BUILT_PRODUCTS_DIR; };
		0610B6751E66F661003EC3FA /* MeasurementEvent.h */ = {isa = PBXFileReference; fileEncoding = 4; lastKnownFileType = sourcecode.c.h; path = MeasurementEvent.h; sourceTree = "<group>"; };
		0610B6761E66F661003EC3FA /* MeasurementEvent.m */ = {isa = PBXFileReference; fileEncoding = 4; lastKnownFileType = sourcecode.c.objc; path = MeasurementEvent.m; sourceTree = "<group>"; };
		0610B67B1E66F661003EC3FA /* BluetoothMeasurementProvider.h */ = {isa = PBXFileReference; fileEncoding = 4; lastKnownFileType = sourcecode.c.h; path = BluetoothMeasurementProvider.h; sourceTree = "<group>"; };
		0610B67C1E66F661003EC3FA /* BluetoothMeasurementProvider.m */ = {isa = PBXFileReference; fileEncoding = 4; lastKnownFileType = sourcecode.c.objc; path = BluetoothMeasurementProvider.m; sourceTree = "<group>"; };
		0610B67E1E66F661003EC3FA /* GPSMeasurementProvider.h */ = {isa = PBXFileReference; fileEncoding = 4; lastKnownFileType = sourcecode.c.h; path = GPSMeasurementProvider.h; sourceTree = "<group>"; };
		0610B67F1E66F661003EC3FA /* GPSMeasurementProvider.m */ = {isa = PBXFileReference; fileEncoding = 4; lastKnownFileType = sourcecode.c.objc; path = GPSMeasurementProvider.m; sourceTree = "<group>"; };
		0610B6801E66F661003EC3FA /* MeasurementProvider.h */ = {isa = PBXFileReference; fileEncoding = 4; lastKnownFileType = sourcecode.c.h; path = MeasurementProvider.h; sourceTree = "<group>"; };
		0610B6811E66F661003EC3FA /* MeasurementProvider.m */ = {isa = PBXFileReference; fileEncoding = 4; lastKnownFileType = sourcecode.c.objc; path = MeasurementProvider.m; sourceTree = "<group>"; };
		0610B6831E66F661003EC3FA /* SensorMeasurementProvider.h */ = {isa = PBXFileReference; fileEncoding = 4; lastKnownFileType = sourcecode.c.h; path = SensorMeasurementProvider.h; sourceTree = "<group>"; };
		0610B6841E66F661003EC3FA /* SensorMeasurementProvider.m */ = {isa = PBXFileReference; fileEncoding = 4; lastKnownFileType = sourcecode.c.objc; path = SensorMeasurementProvider.m; sourceTree = "<group>"; };
		0610B6861E66F661003EC3FA /* IosMeasurementTransfer.h */ = {isa = PBXFileReference; fileEncoding = 4; lastKnownFileType = sourcecode.c.h; path = IosMeasurementTransfer.h; sourceTree = "<group>"; };
		0610B6871E66F661003EC3FA /* IosMeasurementTransfer.mm */ = {isa = PBXFileReference; fileEncoding = 4; lastKnownFileType = sourcecode.cpp.objcpp; path = IosMeasurementTransfer.mm; sourceTree = "<group>"; };
		0610B6891E66F661003EC3FA /* WIFIMeasurementProvider.h */ = {isa = PBXFileReference; fileEncoding = 4; lastKnownFileType = sourcecode.c.h; path = WIFIMeasurementProvider.h; sourceTree = "<group>"; };
		0610B68A1E66F661003EC3FA /* WIFIMeasurementProvider.m */ = {isa = PBXFileReference; fileEncoding = 4; lastKnownFileType = sourcecode.c.objc; path = WIFIMeasurementProvider.m; sourceTree = "<group>"; };
		06650DF31E814D3600E7D811 /* PrefixHeader.pch */ = {isa = PBXFileReference; lastKnownFileType = sourcecode.c.h; name = PrefixHeader.pch; path = IndoorLibrary/PrefixHeader.pch; sourceTree = "<group>"; };
		06650DF41E815AEC00E7D811 /* IndoorLocationListener.h */ = {isa = PBXFileReference; fileEncoding = 4; lastKnownFileType = sourcecode.c.h; path = IndoorLocationListener.h; sourceTree = "<group>"; };
		06650E091E816A9800E7D811 /* libNavigator.a */ = {isa = PBXFileReference; lastKnownFileType = archive.ar; name = libNavigator.a; path = ../../NavigatorLib/libNavigator.a; sourceTree = "<group>"; };
		06650E191E81767500E7D811 /* TrilatBeaconNavigator.cpp */ = {isa = PBXFileReference; lastKnownFileType = sourcecode.cpp.cpp; name = TrilatBeaconNavigator.cpp; path = ../../NavigatorLib/src/Navigator/Beacons/TrilatBeaconNavigator.cpp; sourceTree = "<group>"; };
		06650E1B1E81768600E7D811 /* AlphaBetaFilter.cpp */ = {isa = PBXFileReference; lastKnownFileType = sourcecode.cpp.cpp; name = AlphaBetaFilter.cpp; path = ../../NavigatorLib/src/Navigator/Math/Filter/AlphaBetaFilter.cpp; sourceTree = "<group>"; };
		06650E1C1E81768600E7D811 /* MovingAverageFilter.cpp */ = {isa = PBXFileReference; lastKnownFileType = sourcecode.cpp.cpp; name = MovingAverageFilter.cpp; path = ../../NavigatorLib/src/Navigator/Math/Filter/MovingAverageFilter.cpp; sourceTree = "<group>"; };
		06650E1F1E81769E00E7D811 /* trilat.cpp */ = {isa = PBXFileReference; lastKnownFileType = sourcecode.cpp.cpp; name = trilat.cpp; path = ../../NavigatorLib/src/Navigator/Math/Trilat/trilat.cpp; sourceTree = "<group>"; };
		06ED897C1E6D79F50011C01C /* IndoorLocationManager.h */ = {isa = PBXFileReference; fileEncoding = 4; lastKnownFileType = sourcecode.c.h; path = IndoorLocationManager.h; sourceTree = "<group>"; };
		06ED897D1E6D79F50011C01C /* IndoorLocationManager.mm */ = {isa = PBXFileReference; fileEncoding = 4; lastKnownFileType = sourcecode.cpp.objcpp; path = IndoorLocationManager.mm; sourceTree = "<group>"; };
		06FBC9991E76F5E900D8902A /* MeasurementTranfer.h */ = {isa = PBXFileReference; fileEncoding = 4; lastKnownFileType = sourcecode.c.h; path = MeasurementTranfer.h; sourceTree = "<group>"; };
		06FBCB4D1E7813F800D8902A /* ErrorListener.h */ = {isa = PBXFileReference; fileEncoding = 4; lastKnownFileType = sourcecode.c.h; path = ErrorListener.h; sourceTree = "<group>"; };
		06FBCB4E1E7813F800D8902A /* ErrorListener.m */ = {isa = PBXFileReference; fileEncoding = 4; lastKnownFileType = sourcecode.c.objc; path = ErrorListener.m; sourceTree = "<group>"; };
		06FBCB531E78149A00D8902A /* PermissionError.h */ = {isa = PBXFileReference; fileEncoding = 4; lastKnownFileType = sourcecode.c.h; path = PermissionError.h; sourceTree = "<group>"; };
		06FBCB541E78149A00D8902A /* PermissionError.m */ = {isa = PBXFileReference; fileEncoding = 4; lastKnownFileType = sourcecode.c.objc; path = PermissionError.m; sourceTree = "<group>"; };
		06FBCB561E7814B900D8902A /* AvailabilityError.h */ = {isa = PBXFileReference; fileEncoding = 4; lastKnownFileType = sourcecode.c.h; path = AvailabilityError.h; sourceTree = "<group>"; };
		06FBCB571E7814B900D8902A /* AvailabilityError.m */ = {isa = PBXFileReference; fileEncoding = 4; lastKnownFileType = sourcecode.c.objc; path = AvailabilityError.m; sourceTree = "<group>"; };
		06FBD4041E7F1F2B00D8902A /* BluetoothBridge.cpp */ = {isa = PBXFileReference; fileEncoding = 4; lastKnownFileType = sourcecode.cpp.cpp; path = BluetoothBridge.cpp; sourceTree = "<group>"; };
		06FBD4051E7F1F2B00D8902A /* BluetoothBridge.h */ = {isa = PBXFileReference; fileEncoding = 4; lastKnownFileType = sourcecode.c.h; path = BluetoothBridge.h; sourceTree = "<group>"; };
		06FBD40A1E7F34A700D8902A /* BeaconConfig.h */ = {isa = PBXFileReference; fileEncoding = 4; lastKnownFileType = sourcecode.c.h; path = BeaconConfig.h; sourceTree = "<group>"; };
		06FBD40B1E7F34A700D8902A /* BeaconConfig.m */ = {isa = PBXFileReference; fileEncoding = 4; lastKnownFileType = sourcecode.c.objc; path = BeaconConfig.m; sourceTree = "<group>"; };
		06FBD40C1E7F34A700D8902A /* BluethoothProviderConfiguration.h */ = {isa = PBXFileReference; fileEncoding = 4; lastKnownFileType = sourcecode.c.h; path = BluethoothProviderConfiguration.h; sourceTree = "<group>"; };
		06FBD40D1E7F34A700D8902A /* BluethoothProviderConfiguration.m */ = {isa = PBXFileReference; fileEncoding = 4; lastKnownFileType = sourcecode.c.objc; path = BluethoothProviderConfiguration.m; sourceTree = "<group>"; };
		06FBD40E1E7F34A700D8902A /* ProviderConfiguration.h */ = {isa = PBXFileReference; fileEncoding = 4; lastKnownFileType = sourcecode.c.h; path = ProviderConfiguration.h; sourceTree = "<group>"; };
		06FBD40F1E7F34A700D8902A /* TConfig.h */ = {isa = PBXFileReference; fileEncoding = 4; lastKnownFileType = sourcecode.c.h; path = TConfig.h; sourceTree = "<group>"; };
/* End PBXFileReference section */

/* Begin PBXFrameworksBuildPhase section */
		0610B6651E66F465003EC3FA /* Frameworks */ = {
			isa = PBXFrameworksBuildPhase;
			buildActionMask = 2147483647;
			files = (
			);
			runOnlyForDeploymentPostprocessing = 0;
		};
/* End PBXFrameworksBuildPhase section */

/* Begin PBXGroup section */
		0610B65F1E66F465003EC3FA = {
			isa = PBXGroup;
			children = (
				06650E1F1E81769E00E7D811 /* trilat.cpp */,
				06650E1B1E81768600E7D811 /* AlphaBetaFilter.cpp */,
				06650E1C1E81768600E7D811 /* MovingAverageFilter.cpp */,
				06650E191E81767500E7D811 /* TrilatBeaconNavigator.cpp */,
				06650DF21E814CE700E7D811 /* Bridge */,
				06FBD4031E7F1EEE00D8902A /* Headers */,
				0610B66A1E66F465003EC3FA /* IndoorLibrary */,
				0610B6691E66F465003EC3FA /* Products */,
				06FBCB591E782CC700D8902A /* Frameworks */,
			);
			sourceTree = "<group>";
		};
		0610B6691E66F465003EC3FA /* Products */ = {
			isa = PBXGroup;
			children = (
				0610B6681E66F465003EC3FA /* libIndoorLibrary.a */,
			);
			name = Products;
			sourceTree = "<group>";
		};
		0610B66A1E66F465003EC3FA /* IndoorLibrary */ = {
			isa = PBXGroup;
			children = (
				06ED897C1E6D79F50011C01C /* IndoorLocationManager.h */,
				06ED897D1E6D79F50011C01C /* IndoorLocationManager.mm */,
				06650DF41E815AEC00E7D811 /* IndoorLocationListener.h */,
				06FBD4091E7F34A700D8902A /* Config */,
				06FBCB4C1E7813C500D8902A /* ErrorManager */,
				0610B6741E66F661003EC3FA /* Event */,
				0610B6771E66F661003EC3FA /* Providers */,
				0610B6851E66F661003EC3FA /* Transfer */,
			);
			path = IndoorLibrary;
			sourceTree = "<group>";
		};
		0610B6741E66F661003EC3FA /* Event */ = {
			isa = PBXGroup;
			children = (
				0610B6751E66F661003EC3FA /* MeasurementEvent.h */,
				0610B6761E66F661003EC3FA /* MeasurementEvent.m */,
			);
			path = Event;
			sourceTree = "<group>";
		};
		0610B6771E66F661003EC3FA /* Providers */ = {
			isa = PBXGroup;
			children = (
				0610B6801E66F661003EC3FA /* MeasurementProvider.h */,
				0610B6811E66F661003EC3FA /* MeasurementProvider.m */,
				0610B6781E66F661003EC3FA /* Bluetooth */,
				0610B67D1E66F661003EC3FA /* GPS */,
				0610B6821E66F661003EC3FA /* Sensors */,
				0610B6881E66F661003EC3FA /* WIFI */,
			);
			path = Providers;
			sourceTree = "<group>";
		};
		0610B6781E66F661003EC3FA /* Bluetooth */ = {
			isa = PBXGroup;
			children = (
				0610B67B1E66F661003EC3FA /* BluetoothMeasurementProvider.h */,
				0610B67C1E66F661003EC3FA /* BluetoothMeasurementProvider.m */,
			);
			path = Bluetooth;
			sourceTree = "<group>";
		};
		0610B67D1E66F661003EC3FA /* GPS */ = {
			isa = PBXGroup;
			children = (
				0610B67E1E66F661003EC3FA /* GPSMeasurementProvider.h */,
				0610B67F1E66F661003EC3FA /* GPSMeasurementProvider.m */,
			);
			path = GPS;
			sourceTree = "<group>";
		};
		0610B6821E66F661003EC3FA /* Sensors */ = {
			isa = PBXGroup;
			children = (
				0610B6831E66F661003EC3FA /* SensorMeasurementProvider.h */,
				0610B6841E66F661003EC3FA /* SensorMeasurementProvider.m */,
			);
			path = Sensors;
			sourceTree = "<group>";
		};
		0610B6851E66F661003EC3FA /* Transfer */ = {
			isa = PBXGroup;
			children = (
				0610B6861E66F661003EC3FA /* IosMeasurementTransfer.h */,
				0610B6871E66F661003EC3FA /* IosMeasurementTransfer.mm */,
				06FBC9991E76F5E900D8902A /* MeasurementTranfer.h */,
			);
			name = Transfer;
			path = Providers/Transfer;
			sourceTree = "<group>";
		};
		0610B6881E66F661003EC3FA /* WIFI */ = {
			isa = PBXGroup;
			children = (
				0610B6891E66F661003EC3FA /* WIFIMeasurementProvider.h */,
				0610B68A1E66F661003EC3FA /* WIFIMeasurementProvider.m */,
			);
			path = WIFI;
			sourceTree = "<group>";
		};
		06650DF21E814CE700E7D811 /* Bridge */ = {
			isa = PBXGroup;
			children = (
				06FBD4041E7F1F2B00D8902A /* BluetoothBridge.cpp */,
				06FBD4051E7F1F2B00D8902A /* BluetoothBridge.h */,
			);
			name = Bridge;
			sourceTree = "<group>";
		};
		06FBCB4C1E7813C500D8902A /* ErrorManager */ = {
			isa = PBXGroup;
			children = (
				06FBCB4D1E7813F800D8902A /* ErrorListener.h */,
				06FBCB4E1E7813F800D8902A /* ErrorListener.m */,
				06FBCB531E78149A00D8902A /* PermissionError.h */,
				06FBCB541E78149A00D8902A /* PermissionError.m */,
				06FBCB561E7814B900D8902A /* AvailabilityError.h */,
				06FBCB571E7814B900D8902A /* AvailabilityError.m */,
			);
			path = ErrorManager;
			sourceTree = "<group>";
		};
		06FBCB591E782CC700D8902A /* Frameworks */ = {
			isa = PBXGroup;
			children = (
				06650E091E816A9800E7D811 /* libNavigator.a */,
			);
			name = Frameworks;
			sourceTree = "<group>";
		};
		06FBD4031E7F1EEE00D8902A /* Headers */ = {
			isa = PBXGroup;
			children = (
				06650DF31E814D3600E7D811 /* PrefixHeader.pch */,
			);
			name = Headers;
			sourceTree = "<group>";
		};
		06FBD4091E7F34A700D8902A /* Config */ = {
			isa = PBXGroup;
			children = (
				06FBD40A1E7F34A700D8902A /* BeaconConfig.h */,
				06FBD40B1E7F34A700D8902A /* BeaconConfig.m */,
				06FBD40C1E7F34A700D8902A /* BluethoothProviderConfiguration.h */,
				06FBD40D1E7F34A700D8902A /* BluethoothProviderConfiguration.m */,
				06FBD40E1E7F34A700D8902A /* ProviderConfiguration.h */,
				06FBD40F1E7F34A700D8902A /* TConfig.h */,
			);
			path = Config;
			sourceTree = "<group>";
		};
/* End PBXGroup section */

/* Begin PBXNativeTarget section */
		0610B6671E66F465003EC3FA /* IndoorLibrary */ = {
			isa = PBXNativeTarget;
			buildConfigurationList = 0610B6711E66F465003EC3FA /* Build configuration list for PBXNativeTarget "IndoorLibrary" */;
			buildPhases = (
				0610B6641E66F465003EC3FA /* Sources */,
				0610B6651E66F465003EC3FA /* Frameworks */,
				0610B6661E66F465003EC3FA /* Copy Files */,
				06FBCF4F1E7AAC6C00D8902A /* Resources */,
			);
			buildRules = (
			);
			dependencies = (
			);
			name = IndoorLibrary;
			productName = IndoorLibrary;
			productReference = 0610B6681E66F465003EC3FA /* libIndoorLibrary.a */;
			productType = "com.apple.product-type.library.static";
		};
/* End PBXNativeTarget section */

/* Begin PBXProject section */
		0610B6601E66F465003EC3FA /* Project object */ = {
			isa = PBXProject;
			attributes = {
				LastUpgradeCheck = 0820;
				ORGANIZATIONNAME = PischenkoL;
				TargetAttributes = {
					0610B6671E66F465003EC3FA = {
						CreatedOnToolsVersion = 8.2.1;
						DevelopmentTeam = CME5G2A9T6;
						ProvisioningStyle = Automatic;
					};
				};
			};
			buildConfigurationList = 0610B6631E66F465003EC3FA /* Build configuration list for PBXProject "IndoorLibrary" */;
			compatibilityVersion = "Xcode 3.2";
			developmentRegion = English;
			hasScannedForEncodings = 0;
			knownRegions = (
				en,
			);
			mainGroup = 0610B65F1E66F465003EC3FA;
			productRefGroup = 0610B6691E66F465003EC3FA /* Products */;
			projectDirPath = "";
			projectRoot = "";
			targets = (
				0610B6671E66F465003EC3FA /* IndoorLibrary */,
			);
		};
/* End PBXProject section */

/* Begin PBXResourcesBuildPhase section */
		06FBCF4F1E7AAC6C00D8902A /* Resources */ = {
			isa = PBXResourcesBuildPhase;
			buildActionMask = 2147483647;
			files = (
			);
			runOnlyForDeploymentPostprocessing = 0;
		};
/* End PBXResourcesBuildPhase section */

/* Begin PBXSourcesBuildPhase section */
		0610B6641E66F465003EC3FA /* Sources */ = {
			isa = PBXSourcesBuildPhase;
			buildActionMask = 2147483647;
			files = (
				06650E201E81769E00E7D811 /* trilat.cpp in Sources */,
				06650E1D1E81768600E7D811 /* AlphaBetaFilter.cpp in Sources */,
				06650E1E1E81768600E7D811 /* MovingAverageFilter.cpp in Sources */,
				06650E1A1E81767500E7D811 /* TrilatBeaconNavigator.cpp in Sources */,
				06FBD4111E7F34A700D8902A /* BluethoothProviderConfiguration.m in Sources */,
				0610B68D1E66F661003EC3FA /* BluetoothMeasurementProvider.m in Sources */,
				06FBCB551E78149A00D8902A /* PermissionError.m in Sources */,
				06FBCB581E7814B900D8902A /* AvailabilityError.m in Sources */,
				06ED897E1E6D79F50011C01C /* IndoorLocationManager.mm in Sources */,
				06FBD4101E7F34A700D8902A /* BeaconConfig.m in Sources */,
				0610B68F1E66F661003EC3FA /* MeasurementProvider.m in Sources */,
				0610B68E1E66F661003EC3FA /* GPSMeasurementProvider.m in Sources */,
				0610B6911E66F661003EC3FA /* IosMeasurementTransfer.mm in Sources */,
				0610B6901E66F661003EC3FA /* SensorMeasurementProvider.m in Sources */,
				06FBCB4F1E7813F800D8902A /* ErrorListener.m in Sources */,
				0610B6921E66F661003EC3FA /* WIFIMeasurementProvider.m in Sources */,
				0610B68B1E66F661003EC3FA /* MeasurementEvent.m in Sources */,
				06FBD4061E7F1F2B00D8902A /* BluetoothBridge.cpp in Sources */,
			);
			runOnlyForDeploymentPostprocessing = 0;
		};
/* End PBXSourcesBuildPhase section */

/* Begin XCBuildConfiguration section */
		0610B66F1E66F465003EC3FA /* Debug */ = {
			isa = XCBuildConfiguration;
			buildSettings = {
				ALWAYS_SEARCH_USER_PATHS = NO;
				CLANG_ANALYZER_NONNULL = YES;
				CLANG_CXX_LANGUAGE_STANDARD = "gnu++0x";
				CLANG_CXX_LIBRARY = "libc++";
				CLANG_ENABLE_MODULES = YES;
				CLANG_ENABLE_OBJC_ARC = YES;
				CLANG_WARN_BOOL_CONVERSION = YES;
				CLANG_WARN_CONSTANT_CONVERSION = YES;
				CLANG_WARN_DIRECT_OBJC_ISA_USAGE = YES_ERROR;
				CLANG_WARN_DOCUMENTATION_COMMENTS = YES;
				CLANG_WARN_EMPTY_BODY = YES;
				CLANG_WARN_ENUM_CONVERSION = YES;
				CLANG_WARN_INFINITE_RECURSION = YES;
				CLANG_WARN_INT_CONVERSION = YES;
				CLANG_WARN_OBJC_ROOT_CLASS = YES_ERROR;
				CLANG_WARN_SUSPICIOUS_MOVE = YES;
				CLANG_WARN_UNREACHABLE_CODE = YES;
				CLANG_WARN__DUPLICATE_METHOD_MATCH = YES;
				"CODE_SIGN_IDENTITY[sdk=iphoneos*]" = "iPhone Developer";
				COPY_PHASE_STRIP = NO;
				DEBUG_INFORMATION_FORMAT = dwarf;
				ENABLE_STRICT_OBJC_MSGSEND = YES;
				ENABLE_TESTABILITY = YES;
				GCC_C_LANGUAGE_STANDARD = gnu99;
				GCC_DYNAMIC_NO_PIC = NO;
				GCC_NO_COMMON_BLOCKS = YES;
				GCC_OPTIMIZATION_LEVEL = 0;
				GCC_PREPROCESSOR_DEFINITIONS = (
					"DEBUG=1",
					"$(inherited)",
				);
				GCC_WARN_64_TO_32_BIT_CONVERSION = YES;
				GCC_WARN_ABOUT_RETURN_TYPE = YES_ERROR;
				GCC_WARN_UNDECLARED_SELECTOR = YES;
				GCC_WARN_UNINITIALIZED_AUTOS = YES_AGGRESSIVE;
				GCC_WARN_UNUSED_FUNCTION = YES;
				GCC_WARN_UNUSED_VARIABLE = YES;
				HEADER_SEARCH_PATHS = "$(PROJECT_DIR)/IndoorLibrary/lib/**";
				IPHONEOS_DEPLOYMENT_TARGET = 9.0;
				MTL_ENABLE_DEBUG_INFO = YES;
				ONLY_ACTIVE_ARCH = YES;
				OTHER_CPLUSPLUSFLAGS = (
					"$(OTHER_CFLAGS)",
					"-DBRIDGE_LIBRARY",
				);
				SDKROOT = iphoneos;
			};
			name = Debug;
		};
		0610B6701E66F465003EC3FA /* Release */ = {
			isa = XCBuildConfiguration;
			buildSettings = {
				ALWAYS_SEARCH_USER_PATHS = NO;
				CLANG_ANALYZER_NONNULL = YES;
				CLANG_CXX_LANGUAGE_STANDARD = "gnu++0x";
				CLANG_CXX_LIBRARY = "libc++";
				CLANG_ENABLE_MODULES = YES;
				CLANG_ENABLE_OBJC_ARC = YES;
				CLANG_WARN_BOOL_CONVERSION = YES;
				CLANG_WARN_CONSTANT_CONVERSION = YES;
				CLANG_WARN_DIRECT_OBJC_ISA_USAGE = YES_ERROR;
				CLANG_WARN_DOCUMENTATION_COMMENTS = YES;
				CLANG_WARN_EMPTY_BODY = YES;
				CLANG_WARN_ENUM_CONVERSION = YES;
				CLANG_WARN_INFINITE_RECURSION = YES;
				CLANG_WARN_INT_CONVERSION = YES;
				CLANG_WARN_OBJC_ROOT_CLASS = YES_ERROR;
				CLANG_WARN_SUSPICIOUS_MOVE = YES;
				CLANG_WARN_UNREACHABLE_CODE = YES;
				CLANG_WARN__DUPLICATE_METHOD_MATCH = YES;
				"CODE_SIGN_IDENTITY[sdk=iphoneos*]" = "iPhone Developer";
				COPY_PHASE_STRIP = NO;
				DEBUG_INFORMATION_FORMAT = "dwarf-with-dsym";
				ENABLE_NS_ASSERTIONS = NO;
				ENABLE_STRICT_OBJC_MSGSEND = YES;
				GCC_C_LANGUAGE_STANDARD = gnu99;
				GCC_NO_COMMON_BLOCKS = YES;
				GCC_WARN_64_TO_32_BIT_CONVERSION = YES;
				GCC_WARN_ABOUT_RETURN_TYPE = YES_ERROR;
				GCC_WARN_UNDECLARED_SELECTOR = YES;
				GCC_WARN_UNINITIALIZED_AUTOS = YES_AGGRESSIVE;
				GCC_WARN_UNUSED_FUNCTION = YES;
				GCC_WARN_UNUSED_VARIABLE = YES;
				HEADER_SEARCH_PATHS = "$(PROJECT_DIR)/IndoorLibrary/lib/**";
				IPHONEOS_DEPLOYMENT_TARGET = 9.0;
				MTL_ENABLE_DEBUG_INFO = NO;
				OTHER_CPLUSPLUSFLAGS = (
					"$(OTHER_CFLAGS)",
					"-DBRIDGE_LIBRARY",
				);
				SDKROOT = iphoneos;
				VALIDATE_PRODUCT = YES;
			};
			name = Release;
		};
		0610B6721E66F465003EC3FA /* Debug */ = {
			isa = XCBuildConfiguration;
			buildSettings = {
				CLANG_CXX_LANGUAGE_STANDARD = "";
				CLANG_CXX_LIBRARY = "libc++";
				DEVELOPMENT_TEAM = CME5G2A9T6;
				ENABLE_ON_DEMAND_RESOURCES = NO;
				FRAMEWORK_SEARCH_PATHS = "";
				GCC_ENABLE_CPP_EXCEPTIONS = YES;
				GCC_ENABLE_CPP_RTTI = NO;
				GCC_INLINES_ARE_PRIVATE_EXTERN = YES;
				GCC_INPUT_FILETYPE = automatic;
				GCC_PRECOMPILE_PREFIX_HEADER = NO;
				GCC_PREPROCESSOR_DEFINITIONS_NOT_USED_IN_PRECOMPS = "";
				HEADER_SEARCH_PATHS = (
					"$(PROJECT_DIR)/../../NavigatorLib/include/**",
					/usr/local/include/eigen3/,
				);
				INSTALL_PATH = "$(LOCAL_APPS_DIR)";
				LD_RUNPATH_SEARCH_PATHS = "$(inherited)";
				LIBRARY_SEARCH_PATHS = "$(PROJECT_DIR)/../../NavigatorLib/**";
				OTHER_CPLUSPLUSFLAGS = (
					"$(OTHER_CFLAGS)",
					"-DBRIDGE_LIBRARY",
					"-std=c++14",
					"-I",
					/usr/local/include/eigen3/,
				);
				OTHER_LDFLAGS = (
					"-ObjC",
					"-l\"c++\"",
				);
				PRODUCT_BUNDLE_IDENTIFIER = "Kaa-solutions.indoorLibrary";
				PRODUCT_NAME = "$(TARGET_NAME)";
				REZ_SEARCH_PATHS = "";
				SKIP_INSTALL = YES;
				STRIP_STYLE = all;
				SYMROOT = build;
				TARGETED_DEVICE_FAMILY = "1,2";
			};
			name = Debug;
		};
		0610B6731E66F465003EC3FA /* Release */ = {
			isa = XCBuildConfiguration;
			buildSettings = {
				CLANG_CXX_LANGUAGE_STANDARD = "";
				CLANG_CXX_LIBRARY = "libc++";
				DEVELOPMENT_TEAM = CME5G2A9T6;
				ENABLE_ON_DEMAND_RESOURCES = NO;
				FRAMEWORK_SEARCH_PATHS = "";
				GCC_ENABLE_CPP_EXCEPTIONS = YES;
				GCC_ENABLE_CPP_RTTI = NO;
				GCC_INLINES_ARE_PRIVATE_EXTERN = YES;
				GCC_INPUT_FILETYPE = automatic;
				GCC_PRECOMPILE_PREFIX_HEADER = NO;
				GCC_PREPROCESSOR_DEFINITIONS_NOT_USED_IN_PRECOMPS = "";
				HEADER_SEARCH_PATHS = (
					"$(PROJECT_DIR)/../../NavigatorLib/include/**",
					/usr/local/include/eigen3/,
				);
				INSTALL_PATH = "$(LOCAL_APPS_DIR)";
				LD_RUNPATH_SEARCH_PATHS = "$(inherited)";
				LIBRARY_SEARCH_PATHS = "$(PROJECT_DIR)/../../NavigatorLib/**";
				OTHER_CPLUSPLUSFLAGS = (
					"$(OTHER_CFLAGS)",
					"-DBRIDGE_LIBRARY",
					"-std=c++14",
					"-I",
					/usr/local/include/eigen3/,
				);
				OTHER_LDFLAGS = (
					"-ObjC",
					"-l\"c++\"",
				);
				PRODUCT_BUNDLE_IDENTIFIER = "Kaa-solutions.indoorLibrary";
				PRODUCT_NAME = "$(TARGET_NAME)";
				REZ_SEARCH_PATHS = "";
				SKIP_INSTALL = YES;
				STRIP_STYLE = all;
				SYMROOT = build;
				TARGETED_DEVICE_FAMILY = "1,2";
			};
			name = Release;
		};
/* End XCBuildConfiguration section */

/* Begin XCConfigurationList section */
		0610B6631E66F465003EC3FA /* Build configuration list for PBXProject "IndoorLibrary" */ = {
			isa = XCConfigurationList;
			buildConfigurations = (
				0610B66F1E66F465003EC3FA /* Debug */,
				0610B6701E66F465003EC3FA /* Release */,
			);
			defaultConfigurationIsVisible = 0;
			defaultConfigurationName = Release;
		};
		0610B6711E66F465003EC3FA /* Build configuration list for PBXNativeTarget "IndoorLibrary" */ = {
			isa = XCConfigurationList;
			buildConfigurations = (
				0610B6721E66F465003EC3FA /* Debug */,
				0610B6731E66F465003EC3FA /* Release */,
			);
			defaultConfigurationIsVisible = 0;
			defaultConfigurationName = Release;
		};
/* End XCConfigurationList section */
	};
	rootObject = 0610B6601E66F465003EC3FA /* Project object */;
}
