// !$*UTF8*$!
{
	archiveVersion = 1;
	classes = {
	};
	objectVersion = 46;
	objects = {

/* Begin PBXBuildFile section */
		0610B68B1E66F661003EC3FA /* MeasurementEvent.m in Sources */ = {isa = PBXBuildFile; fileRef = 0610B6761E66F661003EC3FA /* MeasurementEvent.m */; };
		0610B68D1E66F661003EC3FA /* BluetoothMeasurementProvider.m in Sources */ = {isa = PBXBuildFile; fileRef = 0610B67C1E66F661003EC3FA /* BluetoothMeasurementProvider.m */; };
		0610B68E1E66F661003EC3FA /* GPSMeasurementProvider.m in Sources */ = {isa = PBXBuildFile; fileRef = 0610B67F1E66F661003EC3FA /* GPSMeasurementProvider.m */; };
		0610B68F1E66F661003EC3FA /* MeasurementProvider.m in Sources */ = {isa = PBXBuildFile; fileRef = 0610B6811E66F661003EC3FA /* MeasurementProvider.m */; };
		0610B6901E66F661003EC3FA /* SensorMeasurementProvider.m in Sources */ = {isa = PBXBuildFile; fileRef = 0610B6841E66F661003EC3FA /* SensorMeasurementProvider.m */; };
		0610B6911E66F661003EC3FA /* MeasurementTransfer.m in Sources */ = {isa = PBXBuildFile; fileRef = 0610B6871E66F661003EC3FA /* MeasurementTransfer.m */; };
		0610B6921E66F661003EC3FA /* WIFIMeasurementProvider.m in Sources */ = {isa = PBXBuildFile; fileRef = 0610B68A1E66F661003EC3FA /* WIFIMeasurementProvider.m */; };
		06ED89511E6C98300011C01C /* MeasurementEvent.h in CopyFiles */ = {isa = PBXBuildFile; fileRef = 0610B6751E66F661003EC3FA /* MeasurementEvent.h */; };
		06ED89521E6C98300011C01C /* MeasurementProvider.h in CopyFiles */ = {isa = PBXBuildFile; fileRef = 0610B6801E66F661003EC3FA /* MeasurementProvider.h */; };
		06ED89531E6C98300011C01C /* GPSMeasurementProvider.h in CopyFiles */ = {isa = PBXBuildFile; fileRef = 0610B67E1E66F661003EC3FA /* GPSMeasurementProvider.h */; };
		06ED89541E6C98300011C01C /* MeasurementTransfer.h in CopyFiles */ = {isa = PBXBuildFile; fileRef = 0610B6861E66F661003EC3FA /* MeasurementTransfer.h */; };
		06ED897E1E6D79F50011C01C /* IndoorLocationManager.m in Sources */ = {isa = PBXBuildFile; fileRef = 06ED897D1E6D79F50011C01C /* IndoorLocationManager.m */; };
		06FBC9871E76C03A00D8902A /* BluetoothMeasurementProvider.h in CopyFiles */ = {isa = PBXBuildFile; fileRef = 0610B67B1E66F661003EC3FA /* BluetoothMeasurementProvider.h */; };
/* End PBXBuildFile section */

/* Begin PBXCopyFilesBuildPhase section */
		0610B6661E66F465003EC3FA /* CopyFiles */ = {
			isa = PBXCopyFilesBuildPhase;
			buildActionMask = 2147483647;
			dstPath = "include/$(PRODUCT_NAME)";
			dstSubfolderSpec = 16;
			files = (
				06FBC9871E76C03A00D8902A /* BluetoothMeasurementProvider.h in CopyFiles */,
				06ED89511E6C98300011C01C /* MeasurementEvent.h in CopyFiles */,
				06ED89521E6C98300011C01C /* MeasurementProvider.h in CopyFiles */,
				06ED89531E6C98300011C01C /* GPSMeasurementProvider.h in CopyFiles */,
				06ED89541E6C98300011C01C /* MeasurementTransfer.h in CopyFiles */,
			);
			runOnlyForDeploymentPostprocessing = 0;
		};
/* End PBXCopyFilesBuildPhase section */

/* Begin PBXFileReference section */
		0610B6681E66F465003EC3FA /* libIndoorLibrary.a */ = {isa = PBXFileReference; explicitFileType = archive.ar; includeInIndex = 0; path = libIndoorLibrary.a; sourceTree = BUILT_PRODUCTS_DIR; };
		0610B6751E66F661003EC3FA /* MeasurementEvent.h */ = {isa = PBXFileReference; fileEncoding = 4; lastKnownFileType = sourcecode.c.h; path = MeasurementEvent.h; sourceTree = "<group>"; };
		0610B6761E66F661003EC3FA /* MeasurementEvent.m */ = {isa = PBXFileReference; fileEncoding = 4; lastKnownFileType = sourcecode.c.objc; path = MeasurementEvent.m; sourceTree = "<group>"; };
		0610B67B1E66F661003EC3FA /* BluetoothMeasurementProvider.h */ = {isa = PBXFileReference; fileEncoding = 4; lastKnownFileType = sourcecode.c.h; path = BluetoothMeasurementProvider.h; sourceTree = "<group>"; };
		0610B67C1E66F661003EC3FA /* BluetoothMeasurementProvider.m */ = {isa = PBXFileReference; fileEncoding = 4; lastKnownFileType = sourcecode.c.objc; path = BluetoothMeasurementProvider.m; sourceTree = "<group>"; };
		0610B67E1E66F661003EC3FA /* GPSMeasurementProvider.h */ = {isa = PBXFileReference; fileEncoding = 4; lastKnownFileType = sourcecode.c.h; path = GPSMeasurementProvider.h; sourceTree = "<group>"; };
		0610B67F1E66F661003EC3FA /* GPSMeasurementProvider.m */ = {isa = PBXFileReference; fileEncoding = 4; lastKnownFileType = sourcecode.c.objc; path = GPSMeasurementProvider.m; sourceTree = "<group>"; };
		0610B6801E66F661003EC3FA /* MeasurementProvider.h */ = {isa = PBXFileReference; fileEncoding = 4; lastKnownFileType = sourcecode.c.h; path = MeasurementProvider.h; sourceTree = "<group>"; };
		0610B6811E66F661003EC3FA /* MeasurementProvider.m */ = {isa = PBXFileReference; fileEncoding = 4; lastKnownFileType = sourcecode.c.objc; path = MeasurementProvider.m; sourceTree = "<group>"; };
		0610B6831E66F661003EC3FA /* SensorMeasurementProvider.h */ = {isa = PBXFileReference; fileEncoding = 4; lastKnownFileType = sourcecode.c.h; path = SensorMeasurementProvider.h; sourceTree = "<group>"; };
		0610B6841E66F661003EC3FA /* SensorMeasurementProvider.m */ = {isa = PBXFileReference; fileEncoding = 4; lastKnownFileType = sourcecode.c.objc; path = SensorMeasurementProvider.m; sourceTree = "<group>"; };
		0610B6861E66F661003EC3FA /* MeasurementTransfer.h */ = {isa = PBXFileReference; fileEncoding = 4; lastKnownFileType = sourcecode.c.h; path = MeasurementTransfer.h; sourceTree = "<group>"; };
		0610B6871E66F661003EC3FA /* MeasurementTransfer.m */ = {isa = PBXFileReference; fileEncoding = 4; lastKnownFileType = sourcecode.c.objc; path = MeasurementTransfer.m; sourceTree = "<group>"; };
		0610B6891E66F661003EC3FA /* WIFIMeasurementProvider.h */ = {isa = PBXFileReference; fileEncoding = 4; lastKnownFileType = sourcecode.c.h; path = WIFIMeasurementProvider.h; sourceTree = "<group>"; };
		0610B68A1E66F661003EC3FA /* WIFIMeasurementProvider.m */ = {isa = PBXFileReference; fileEncoding = 4; lastKnownFileType = sourcecode.c.objc; path = WIFIMeasurementProvider.m; sourceTree = "<group>"; };
		06ED897C1E6D79F50011C01C /* IndoorLocationManager.h */ = {isa = PBXFileReference; fileEncoding = 4; lastKnownFileType = sourcecode.c.h; path = IndoorLocationManager.h; sourceTree = "<group>"; };
		06ED897D1E6D79F50011C01C /* IndoorLocationManager.m */ = {isa = PBXFileReference; fileEncoding = 4; lastKnownFileType = sourcecode.c.objc; path = IndoorLocationManager.m; sourceTree = "<group>"; };
/* End PBXFileReference section */

/* Begin PBXFrameworksBuildPhase section */
		0610B6651E66F465003EC3FA /* Frameworks */ = {
			isa = PBXFrameworksBuildPhase;
			buildActionMask = 2147483647;
			files = (
			);
			runOnlyForDeploymentPostprocessing = 0;
		};
/* End PBXFrameworksBuildPhase section */

/* Begin PBXGroup section */
		0610B65F1E66F465003EC3FA = {
			isa = PBXGroup;
			children = (
				0610B66A1E66F465003EC3FA /* IndoorLibrary */,
				0610B6691E66F465003EC3FA /* Products */,
			);
			sourceTree = "<group>";
		};
		0610B6691E66F465003EC3FA /* Products */ = {
			isa = PBXGroup;
			children = (
				0610B6681E66F465003EC3FA /* libIndoorLibrary.a */,
			);
			name = Products;
			sourceTree = "<group>";
		};
		0610B66A1E66F465003EC3FA /* IndoorLibrary */ = {
			isa = PBXGroup;
			children = (
				0610B6741E66F661003EC3FA /* Event */,
				0610B6771E66F661003EC3FA /* Providers */,
				06ED897C1E6D79F50011C01C /* IndoorLocationManager.h */,
				06ED897D1E6D79F50011C01C /* IndoorLocationManager.m */,
			);
			path = IndoorLibrary;
			sourceTree = "<group>";
		};
		0610B6741E66F661003EC3FA /* Event */ = {
			isa = PBXGroup;
			children = (
				0610B6751E66F661003EC3FA /* MeasurementEvent.h */,
				0610B6761E66F661003EC3FA /* MeasurementEvent.m */,
			);
			path = Event;
			sourceTree = "<group>";
		};
		0610B6771E66F661003EC3FA /* Providers */ = {
			isa = PBXGroup;
			children = (
				0610B6801E66F661003EC3FA /* MeasurementProvider.h */,
				0610B6811E66F661003EC3FA /* MeasurementProvider.m */,
				0610B6781E66F661003EC3FA /* Bluetooth */,
				0610B67D1E66F661003EC3FA /* GPS */,
				0610B6821E66F661003EC3FA /* Sensors */,
				0610B6851E66F661003EC3FA /* Transfer */,
				0610B6881E66F661003EC3FA /* WIFI */,
			);
			path = Providers;
			sourceTree = "<group>";
		};
		0610B6781E66F661003EC3FA /* Bluetooth */ = {
			isa = PBXGroup;
			children = (
				0610B67B1E66F661003EC3FA /* BluetoothMeasurementProvider.h */,
				0610B67C1E66F661003EC3FA /* BluetoothMeasurementProvider.m */,
			);
			path = Bluetooth;
			sourceTree = "<group>";
		};
		0610B67D1E66F661003EC3FA /* GPS */ = {
			isa = PBXGroup;
			children = (
				0610B67E1E66F661003EC3FA /* GPSMeasurementProvider.h */,
				0610B67F1E66F661003EC3FA /* GPSMeasurementProvider.m */,
			);
			path = GPS;
			sourceTree = "<group>";
		};
		0610B6821E66F661003EC3FA /* Sensors */ = {
			isa = PBXGroup;
			children = (
				0610B6831E66F661003EC3FA /* SensorMeasurementProvider.h */,
				0610B6841E66F661003EC3FA /* SensorMeasurementProvider.m */,
			);
			path = Sensors;
			sourceTree = "<group>";
		};
		0610B6851E66F661003EC3FA /* Transfer */ = {
			isa = PBXGroup;
			children = (
				0610B6861E66F661003EC3FA /* MeasurementTransfer.h */,
				0610B6871E66F661003EC3FA /* MeasurementTransfer.m */,
			);
			path = Transfer;
			sourceTree = "<group>";
		};
		0610B6881E66F661003EC3FA /* WIFI */ = {
			isa = PBXGroup;
			children = (
				0610B6891E66F661003EC3FA /* WIFIMeasurementProvider.h */,
				0610B68A1E66F661003EC3FA /* WIFIMeasurementProvider.m */,
			);
			path = WIFI;
			sourceTree = "<group>";
		};
/* End PBXGroup section */

/* Begin PBXNativeTarget section */
		0610B6671E66F465003EC3FA /* IndoorLibrary */ = {
			isa = PBXNativeTarget;
			buildConfigurationList = 0610B6711E66F465003EC3FA /* Build configuration list for PBXNativeTarget "IndoorLibrary" */;
			buildPhases = (
				0610B6641E66F465003EC3FA /* Sources */,
				0610B6651E66F465003EC3FA /* Frameworks */,
				0610B6661E66F465003EC3FA /* CopyFiles */,
			);
			buildRules = (
			);
			dependencies = (
			);
			name = IndoorLibrary;
			productName = IndoorLibrary;
			productReference = 0610B6681E66F465003EC3FA /* libIndoorLibrary.a */;
			productType = "com.apple.product-type.library.static";
		};
/* End PBXNativeTarget section */

/* Begin PBXProject section */
		0610B6601E66F465003EC3FA /* Project object */ = {
			isa = PBXProject;
			attributes = {
				LastUpgradeCheck = 0820;
				ORGANIZATIONNAME = PischenkoL;
				TargetAttributes = {
					0610B6671E66F465003EC3FA = {
						CreatedOnToolsVersion = 8.2.1;
						DevelopmentTeam = CME5G2A9T6;
						ProvisioningStyle = Automatic;
					};
				};
			};
			buildConfigurationList = 0610B6631E66F465003EC3FA /* Build configuration list for PBXProject "IndoorLibrary" */;
			compatibilityVersion = "Xcode 3.2";
			developmentRegion = English;
			hasScannedForEncodings = 0;
			knownRegions = (
				en,
			);
			mainGroup = 0610B65F1E66F465003EC3FA;
			productRefGroup = 0610B6691E66F465003EC3FA /* Products */;
			projectDirPath = "";
			projectRoot = "";
			targets = (
				0610B6671E66F465003EC3FA /* IndoorLibrary */,
			);
		};
/* End PBXProject section */

/* Begin PBXSourcesBuildPhase section */
		0610B6641E66F465003EC3FA /* Sources */ = {
			isa = PBXSourcesBuildPhase;
			buildActionMask = 2147483647;
			files = (
				0610B68D1E66F661003EC3FA /* BluetoothMeasurementProvider.m in Sources */,
				06ED897E1E6D79F50011C01C /* IndoorLocationManager.m in Sources */,
				0610B68F1E66F661003EC3FA /* MeasurementProvider.m in Sources */,
				0610B68E1E66F661003EC3FA /* GPSMeasurementProvider.m in Sources */,
				0610B6911E66F661003EC3FA /* MeasurementTransfer.m in Sources */,
				0610B6901E66F661003EC3FA /* SensorMeasurementProvider.m in Sources */,
				0610B6921E66F661003EC3FA /* WIFIMeasurementProvider.m in Sources */,
				0610B68B1E66F661003EC3FA /* MeasurementEvent.m in Sources */,
			);
			runOnlyForDeploymentPostprocessing = 0;
		};
/* End PBXSourcesBuildPhase section */

/* Begin XCBuildConfiguration section */
		0610B66F1E66F465003EC3FA /* Debug */ = {
			isa = XCBuildConfiguration;
			buildSettings = {
				ALWAYS_SEARCH_USER_PATHS = NO;
				CLANG_ANALYZER_NONNULL = YES;
				CLANG_CXX_LANGUAGE_STANDARD = "gnu++0x";
				CLANG_CXX_LIBRARY = "libc++";
				CLANG_ENABLE_MODULES = YES;
				CLANG_ENABLE_OBJC_ARC = YES;
				CLANG_WARN_BOOL_CONVERSION = YES;
				CLANG_WARN_CONSTANT_CONVERSION = YES;
				CLANG_WARN_DIRECT_OBJC_ISA_USAGE = YES_ERROR;
				CLANG_WARN_DOCUMENTATION_COMMENTS = YES;
				CLANG_WARN_EMPTY_BODY = YES;
				CLANG_WARN_ENUM_CONVERSION = YES;
				CLANG_WARN_INFINITE_RECURSION = YES;
				CLANG_WARN_INT_CONVERSION = YES;
				CLANG_WARN_OBJC_ROOT_CLASS = YES_ERROR;
				CLANG_WARN_SUSPICIOUS_MOVE = YES;
				CLANG_WARN_UNREACHABLE_CODE = YES;
				CLANG_WARN__DUPLICATE_METHOD_MATCH = YES;
				"CODE_SIGN_IDENTITY[sdk=iphoneos*]" = "iPhone Developer";
				COPY_PHASE_STRIP = NO;
				DEBUG_INFORMATION_FORMAT = dwarf;
				ENABLE_STRICT_OBJC_MSGSEND = YES;
				ENABLE_TESTABILITY = YES;
				GCC_C_LANGUAGE_STANDARD = gnu99;
				GCC_DYNAMIC_NO_PIC = NO;
				GCC_NO_COMMON_BLOCKS = YES;
				GCC_OPTIMIZATION_LEVEL = 0;
				GCC_PREPROCESSOR_DEFINITIONS = (
					"DEBUG=1",
					"$(inherited)",
				);
				GCC_WARN_64_TO_32_BIT_CONVERSION = YES;
				GCC_WARN_ABOUT_RETURN_TYPE = YES_ERROR;
				GCC_WARN_UNDECLARED_SELECTOR = YES;
				GCC_WARN_UNINITIALIZED_AUTOS = YES_AGGRESSIVE;
				GCC_WARN_UNUSED_FUNCTION = YES;
				GCC_WARN_UNUSED_VARIABLE = YES;
				IPHONEOS_DEPLOYMENT_TARGET = 9.0;
				MTL_ENABLE_DEBUG_INFO = YES;
				ONLY_ACTIVE_ARCH = YES;
				SDKROOT = iphoneos;
			};
			name = Debug;
		};
		0610B6701E66F465003EC3FA /* Release */ = {
			isa = XCBuildConfiguration;
			buildSettings = {
				ALWAYS_SEARCH_USER_PATHS = NO;
				CLANG_ANALYZER_NONNULL = YES;
				CLANG_CXX_LANGUAGE_STANDARD = "gnu++0x";
				CLANG_CXX_LIBRARY = "libc++";
				CLANG_ENABLE_MODULES = YES;
				CLANG_ENABLE_OBJC_ARC = YES;
				CLANG_WARN_BOOL_CONVERSION = YES;
				CLANG_WARN_CONSTANT_CONVERSION = YES;
				CLANG_WARN_DIRECT_OBJC_ISA_USAGE = YES_ERROR;
				CLANG_WARN_DOCUMENTATION_COMMENTS = YES;
				CLANG_WARN_EMPTY_BODY = YES;
				CLANG_WARN_ENUM_CONVERSION = YES;
				CLANG_WARN_INFINITE_RECURSION = YES;
				CLANG_WARN_INT_CONVERSION = YES;
				CLANG_WARN_OBJC_ROOT_CLASS = YES_ERROR;
				CLANG_WARN_SUSPICIOUS_MOVE = YES;
				CLANG_WARN_UNREACHABLE_CODE = YES;
				CLANG_WARN__DUPLICATE_METHOD_MATCH = YES;
				"CODE_SIGN_IDENTITY[sdk=iphoneos*]" = "iPhone Developer";
				COPY_PHASE_STRIP = NO;
				DEBUG_INFORMATION_FORMAT = "dwarf-with-dsym";
				ENABLE_NS_ASSERTIONS = NO;
				ENABLE_STRICT_OBJC_MSGSEND = YES;
				GCC_C_LANGUAGE_STANDARD = gnu99;
				GCC_NO_COMMON_BLOCKS = YES;
				GCC_WARN_64_TO_32_BIT_CONVERSION = YES;
				GCC_WARN_ABOUT_RETURN_TYPE = YES_ERROR;
				GCC_WARN_UNDECLARED_SELECTOR = YES;
				GCC_WARN_UNINITIALIZED_AUTOS = YES_AGGRESSIVE;
				GCC_WARN_UNUSED_FUNCTION = YES;
				GCC_WARN_UNUSED_VARIABLE = YES;
				IPHONEOS_DEPLOYMENT_TARGET = 9.0;
				MTL_ENABLE_DEBUG_INFO = NO;
				SDKROOT = iphoneos;
				VALIDATE_PRODUCT = YES;
			};
			name = Release;
		};
		0610B6721E66F465003EC3FA /* Debug */ = {
			isa = XCBuildConfiguration;
			buildSettings = {
				DEVELOPMENT_TEAM = CME5G2A9T6;
				OTHER_LDFLAGS = "-ObjC";
				PRODUCT_NAME = "$(TARGET_NAME)";
				SKIP_INSTALL = YES;
			};
			name = Debug;
		};
		0610B6731E66F465003EC3FA /* Release */ = {
			isa = XCBuildConfiguration;
			buildSettings = {
				DEVELOPMENT_TEAM = CME5G2A9T6;
				OTHER_LDFLAGS = "-ObjC";
				PRODUCT_NAME = "$(TARGET_NAME)";
				SKIP_INSTALL = YES;
			};
			name = Release;
		};
/* End XCBuildConfiguration section */

/* Begin XCConfigurationList section */
		0610B6631E66F465003EC3FA /* Build configuration list for PBXProject "IndoorLibrary" */ = {
			isa = XCConfigurationList;
			buildConfigurations = (
				0610B66F1E66F465003EC3FA /* Debug */,
				0610B6701E66F465003EC3FA /* Release */,
			);
			defaultConfigurationIsVisible = 0;
			defaultConfigurationName = Release;
		};
		0610B6711E66F465003EC3FA /* Build configuration list for PBXNativeTarget "IndoorLibrary" */ = {
			isa = XCConfigurationList;
			buildConfigurations = (
				0610B6721E66F465003EC3FA /* Debug */,
				0610B6731E66F465003EC3FA /* Release */,
			);
			defaultConfigurationIsVisible = 0;
			defaultConfigurationName = Release;
		};
/* End XCConfigurationList section */
	};
	rootObject = 0610B6601E66F465003EC3FA /* Project object */;
}
