// !$*UTF8*$!
{
	archiveVersion = 1;
	classes = {
	};
	objectVersion = 46;
	objects = {

/* Begin PBXBuildFile section */
		06F32D7F1F3361590029CC2D /* main.m in Sources */ = {isa = PBXBuildFile; fileRef = 06F32D7E1F3361590029CC2D /* main.m */; };
		06F32D821F3361590029CC2D /* AppDelegate.m in Sources */ = {isa = PBXBuildFile; fileRef = 06F32D811F3361590029CC2D /* AppDelegate.m */; };
		06F32D851F3361590029CC2D /* ViewController.m in Sources */ = {isa = PBXBuildFile; fileRef = 06F32D841F3361590029CC2D /* ViewController.m */; };
		06F32D881F3361590029CC2D /* Main.storyboard in Resources */ = {isa = PBXBuildFile; fileRef = 06F32D861F3361590029CC2D /* Main.storyboard */; };
		06F32D8A1F3361590029CC2D /* Assets.xcassets in Resources */ = {isa = PBXBuildFile; fileRef = 06F32D891F3361590029CC2D /* Assets.xcassets */; };
		06F32D8D1F3361590029CC2D /* LaunchScreen.storyboard in Resources */ = {isa = PBXBuildFile; fileRef = 06F32D8B1F3361590029CC2D /* LaunchScreen.storyboard */; };
/* End PBXBuildFile section */

/* Begin PBXFileReference section */
		06F32D7A1F3361590029CC2D /* test.app */ = {isa = PBXFileReference; explicitFileType = wrapper.application; includeInIndex = 0; path = test.app; sourceTree = BUILT_PRODUCTS_DIR; };
		06F32D7E1F3361590029CC2D /* main.m */ = {isa = PBXFileReference; lastKnownFileType = sourcecode.c.objc; path = main.m; sourceTree = "<group>"; };
		06F32D801F3361590029CC2D /* AppDelegate.h */ = {isa = PBXFileReference; lastKnownFileType = sourcecode.c.h; path = AppDelegate.h; sourceTree = "<group>"; };
		06F32D811F3361590029CC2D /* AppDelegate.m */ = {isa = PBXFileReference; lastKnownFileType = sourcecode.c.objc; path = AppDelegate.m; sourceTree = "<group>"; };
		06F32D831F3361590029CC2D /* ViewController.h */ = {isa = PBXFileReference; lastKnownFileType = sourcecode.c.h; path = ViewController.h; sourceTree = "<group>"; };
		06F32D841F3361590029CC2D /* ViewController.m */ = {isa = PBXFileReference; lastKnownFileType = sourcecode.c.objc; path = ViewController.m; sourceTree = "<group>"; };
		06F32D871F3361590029CC2D /* Base */ = {isa = PBXFileReference; lastKnownFileType = file.storyboard; name = Base; path = Base.lproj/Main.storyboard; sourceTree = "<group>"; };
		06F32D891F3361590029CC2D /* Assets.xcassets */ = {isa = PBXFileReference; lastKnownFileType = folder.assetcatalog; path = Assets.xcassets; sourceTree = "<group>"; };
		06F32D8C1F3361590029CC2D /* Base */ = {isa = PBXFileReference; lastKnownFileType = file.storyboard; name = Base; path = Base.lproj/LaunchScreen.storyboard; sourceTree = "<group>"; };
		06F32D8E1F3361590029CC2D /* Info.plist */ = {isa = PBXFileReference; lastKnownFileType = text.plist.xml; path = Info.plist; sourceTree = "<group>"; };
/* End PBXFileReference section */

/* Begin PBXFrameworksBuildPhase section */
		06F32D771F3361590029CC2D /* Frameworks */ = {
			isa = PBXFrameworksBuildPhase;
			buildActionMask = 2147483647;
			files = (
			);
			runOnlyForDeploymentPostprocessing = 0;
		};
/* End PBXFrameworksBuildPhase section */

/* Begin PBXGroup section */
		06F32D711F3361590029CC2D = {
			isa = PBXGroup;
			children = (
				06F32D7C1F3361590029CC2D /* test */,
				06F32D7B1F3361590029CC2D /* Products */,
			);
			sourceTree = "<group>";
		};
		06F32D7B1F3361590029CC2D /* Products */ = {
			isa = PBXGroup;
			children = (
				06F32D7A1F3361590029CC2D /* test.app */,
			);
			name = Products;
			sourceTree = "<group>";
		};
		06F32D7C1F3361590029CC2D /* test */ = {
			isa = PBXGroup;
			children = (
				06F32D801F3361590029CC2D /* AppDelegate.h */,
				06F32D811F3361590029CC2D /* AppDelegate.m */,
				06F32D831F3361590029CC2D /* ViewController.h */,
				06F32D841F3361590029CC2D /* ViewController.m */,
				06F32D861F3361590029CC2D /* Main.storyboard */,
				06F32D891F3361590029CC2D /* Assets.xcassets */,
				06F32D8B1F3361590029CC2D /* LaunchScreen.storyboard */,
				06F32D8E1F3361590029CC2D /* Info.plist */,
				06F32D7D1F3361590029CC2D /* Supporting Files */,
			);
			path = test;
			sourceTree = "<group>";
		};
		06F32D7D1F3361590029CC2D /* Supporting Files */ = {
			isa = PBXGroup;
			children = (
				06F32D7E1F3361590029CC2D /* main.m */,
			);
			name = "Supporting Files";
			sourceTree = "<group>";
		};
/* End PBXGroup section */

/* Begin PBXNativeTarget section */
		06F32D791F3361590029CC2D /* test */ = {
			isa = PBXNativeTarget;
			buildConfigurationList = 06F32D911F3361590029CC2D /* Build configuration list for PBXNativeTarget "test" */;
			buildPhases = (
				06F32D761F3361590029CC2D /* Sources */,
				06F32D771F3361590029CC2D /* Frameworks */,
				06F32D781F3361590029CC2D /* Resources */,
			);
			buildRules = (
			);
			dependencies = (
			);
			name = test;
			productName = test;
			productReference = 06F32D7A1F3361590029CC2D /* test.app */;
			productType = "com.apple.product-type.application";
		};
/* End PBXNativeTarget section */

/* Begin PBXProject section */
		06F32D721F3361590029CC2D /* Project object */ = {
			isa = PBXProject;
			attributes = {
				LastUpgradeCheck = 0830;
				ORGANIZATIONNAME = PischenkoLina;
				TargetAttributes = {
					06F32D791F3361590029CC2D = {
						CreatedOnToolsVersion = 8.3;
						DevelopmentTeam = CME5G2A9T6;
						ProvisioningStyle = Automatic;
					};
				};
			};
			buildConfigurationList = 06F32D751F3361590029CC2D /* Build configuration list for PBXProject "test" */;
			compatibilityVersion = "Xcode 3.2";
			developmentRegion = English;
			hasScannedForEncodings = 0;
			knownRegions = (
				en,
				Base,
			);
			mainGroup = 06F32D711F3361590029CC2D;
			productRefGroup = 06F32D7B1F3361590029CC2D /* Products */;
			projectDirPath = "";
			projectRoot = "";
			targets = (
				06F32D791F3361590029CC2D /* test */,
			);
		};
/* End PBXProject section */

/* Begin PBXResourcesBuildPhase section */
		06F32D781F3361590029CC2D /* Resources */ = {
			isa = PBXResourcesBuildPhase;
			buildActionMask = 2147483647;
			files = (
				06F32D8D1F3361590029CC2D /* LaunchScreen.storyboard in Resources */,
				06F32D8A1F3361590029CC2D /* Assets.xcassets in Resources */,
				06F32D881F3361590029CC2D /* Main.storyboard in Resources */,
			);
			runOnlyForDeploymentPostprocessing = 0;
		};
/* End PBXResourcesBuildPhase section */

/* Begin PBXSourcesBuildPhase section */
		06F32D761F3361590029CC2D /* Sources */ = {
			isa = PBXSourcesBuildPhase;
			buildActionMask = 2147483647;
			files = (
				06F32D851F3361590029CC2D /* ViewController.m in Sources */,
				06F32D821F3361590029CC2D /* AppDelegate.m in Sources */,
				06F32D7F1F3361590029CC2D /* main.m in Sources */,
			);
			runOnlyForDeploymentPostprocessing = 0;
		};
/* End PBXSourcesBuildPhase section */

/* Begin PBXVariantGroup section */
		06F32D861F3361590029CC2D /* Main.storyboard */ = {
			isa = PBXVariantGroup;
			children = (
				06F32D871F3361590029CC2D /* Base */,
			);
			name = Main.storyboard;
			sourceTree = "<group>";
		};
		06F32D8B1F3361590029CC2D /* LaunchScreen.storyboard */ = {
			isa = PBXVariantGroup;
			children = (
				06F32D8C1F3361590029CC2D /* Base */,
			);
			name = LaunchScreen.storyboard;
			sourceTree = "<group>";
		};
/* End PBXVariantGroup section */

/* Begin XCBuildConfiguration section */
		06F32D8F1F3361590029CC2D /* Debug */ = {
			isa = XCBuildConfiguration;
			buildSettings = {
				ALWAYS_SEARCH_USER_PATHS = NO;
				CLANG_ANALYZER_NONNULL = YES;
				CLANG_ANALYZER_NUMBER_OBJECT_CONVERSION = YES_AGGRESSIVE;
				CLANG_CXX_LANGUAGE_STANDARD = "gnu++0x";
				CLANG_CXX_LIBRARY = "libc++";
				CLANG_ENABLE_MODULES = YES;
				CLANG_ENABLE_OBJC_ARC = YES;
				CLANG_WARN_BOOL_CONVERSION = YES;
				CLANG_WARN_CONSTANT_CONVERSION = YES;
				CLANG_WARN_DIRECT_OBJC_ISA_USAGE = YES_ERROR;
				CLANG_WARN_DOCUMENTATION_COMMENTS = YES;
				CLANG_WARN_EMPTY_BODY = YES;
				CLANG_WARN_ENUM_CONVERSION = YES;
				CLANG_WARN_INFINITE_RECURSION = YES;
				CLANG_WARN_INT_CONVERSION = YES;
				CLANG_WARN_OBJC_ROOT_CLASS = YES_ERROR;
				CLANG_WARN_SUSPICIOUS_MOVE = YES;
				CLANG_WARN_UNREACHABLE_CODE = YES;
				CLANG_WARN__DUPLICATE_METHOD_MATCH = YES;
				"CODE_SIGN_IDENTITY[sdk=iphoneos*]" = "iPhone Developer";
				COPY_PHASE_STRIP = NO;
				DEBUG_INFORMATION_FORMAT = dwarf;
				ENABLE_STRICT_OBJC_MSGSEND = YES;
				ENABLE_TESTABILITY = YES;
				GCC_C_LANGUAGE_STANDARD = gnu99;
				GCC_DYNAMIC_NO_PIC = NO;
				GCC_NO_COMMON_BLOCKS = YES;
				GCC_OPTIMIZATION_LEVEL = 0;
				GCC_PREPROCESSOR_DEFINITIONS = (
					"DEBUG=1",
					"$(inherited)",
				);
				GCC_WARN_64_TO_32_BIT_CONVERSION = YES;
				GCC_WARN_ABOUT_RETURN_TYPE = YES_ERROR;
				GCC_WARN_UNDECLARED_SELECTOR = YES;
				GCC_WARN_UNINITIALIZED_AUTOS = YES_AGGRESSIVE;
				GCC_WARN_UNUSED_FUNCTION = YES;
				GCC_WARN_UNUSED_VARIABLE = YES;
				IPHONEOS_DEPLOYMENT_TARGET = 10.3;
				MTL_ENABLE_DEBUG_INFO = YES;
				ONLY_ACTIVE_ARCH = YES;
				SDKROOT = iphoneos;
				TARGETED_DEVICE_FAMILY = "1,2";
			};
			name = Debug;
		};
		06F32D901F3361590029CC2D /* Release */ = {
			isa = XCBuildConfiguration;
			buildSettings = {
				ALWAYS_SEARCH_USER_PATHS = NO;
				CLANG_ANALYZER_NONNULL = YES;
				CLANG_ANALYZER_NUMBER_OBJECT_CONVERSION = YES_AGGRESSIVE;
				CLANG_CXX_LANGUAGE_STANDARD = "gnu++0x";
				CLANG_CXX_LIBRARY = "libc++";
				CLANG_ENABLE_MODULES = YES;
				CLANG_ENABLE_OBJC_ARC = YES;
				CLANG_WARN_BOOL_CONVERSION = YES;
				CLANG_WARN_CONSTANT_CONVERSION = YES;
				CLANG_WARN_DIRECT_OBJC_ISA_USAGE = YES_ERROR;
				CLANG_WARN_DOCUMENTATION_COMMENTS = YES;
				CLANG_WARN_EMPTY_BODY = YES;
				CLANG_WARN_ENUM_CONVERSION = YES;
				CLANG_WARN_INFINITE_RECURSION = YES;
				CLANG_WARN_INT_CONVERSION = YES;
				CLANG_WARN_OBJC_ROOT_CLASS = YES_ERROR;
				CLANG_WARN_SUSPICIOUS_MOVE = YES;
				CLANG_WARN_UNREACHABLE_CODE = YES;
				CLANG_WARN__DUPLICATE_METHOD_MATCH = YES;
				"CODE_SIGN_IDENTITY[sdk=iphoneos*]" = "iPhone Developer";
				COPY_PHASE_STRIP = NO;
				DEBUG_INFORMATION_FORMAT = "dwarf-with-dsym";
				ENABLE_NS_ASSERTIONS = NO;
				ENABLE_STRICT_OBJC_MSGSEND = YES;
				GCC_C_LANGUAGE_STANDARD = gnu99;
				GCC_NO_COMMON_BLOCKS = YES;
				GCC_WARN_64_TO_32_BIT_CONVERSION = YES;
				GCC_WARN_ABOUT_RETURN_TYPE = YES_ERROR;
				GCC_WARN_UNDECLARED_SELECTOR = YES;
				GCC_WARN_UNINITIALIZED_AUTOS = YES_AGGRESSIVE;
				GCC_WARN_UNUSED_FUNCTION = YES;
				GCC_WARN_UNUSED_VARIABLE = YES;
				IPHONEOS_DEPLOYMENT_TARGET = 10.3;
				MTL_ENABLE_DEBUG_INFO = NO;
				SDKROOT = iphoneos;
				TARGETED_DEVICE_FAMILY = "1,2";
				VALIDATE_PRODUCT = YES;
			};
			name = Release;
		};
		06F32D921F3361590029CC2D /* Debug */ = {
			isa = XCBuildConfiguration;
			buildSettings = {
				ASSETCATALOG_COMPILER_APPICON_NAME = AppIcon;
				DEVELOPMENT_TEAM = CME5G2A9T6;
				INFOPLIST_FILE = test/Info.plist;
				LD_RUNPATH_SEARCH_PATHS = "$(inherited) @executable_path/Frameworks";
				PRODUCT_BUNDLE_IDENTIFIER = KAA.test;
				PRODUCT_NAME = "$(TARGET_NAME)";
			};
			name = Debug;
		};
		06F32D931F3361590029CC2D /* Release */ = {
			isa = XCBuildConfiguration;
			buildSettings = {
				ASSETCATALOG_COMPILER_APPICON_NAME = AppIcon;
				DEVELOPMENT_TEAM = CME5G2A9T6;
				INFOPLIST_FILE = test/Info.plist;
				LD_RUNPATH_SEARCH_PATHS = "$(inherited) @executable_path/Frameworks";
				PRODUCT_BUNDLE_IDENTIFIER = KAA.test;
				PRODUCT_NAME = "$(TARGET_NAME)";
			};
			name = Release;
		};
/* End XCBuildConfiguration section */

/* Begin XCConfigurationList section */
		06F32D751F3361590029CC2D /* Build configuration list for PBXProject "test" */ = {
			isa = XCConfigurationList;
			buildConfigurations = (
				06F32D8F1F3361590029CC2D /* Debug */,
				06F32D901F3361590029CC2D /* Release */,
			);
			defaultConfigurationIsVisible = 0;
			defaultConfigurationName = Release;
		};
		06F32D911F3361590029CC2D /* Build configuration list for PBXNativeTarget "test" */ = {
			isa = XCConfigurationList;
			buildConfigurations = (
				06F32D921F3361590029CC2D /* Debug */,
				06F32D931F3361590029CC2D /* Release */,
			);
			defaultConfigurationIsVisible = 0;
		};
/* End XCConfigurationList section */
	};
	rootObject = 06F32D721F3361590029CC2D /* Project object */;
}
